// !$*UTF8*$!
{
	archiveVersion = 1;
	classes = {
	};
	objectVersion = 46;
	objects = {

/* Begin PBXBuildFile section */
		3AA6B39717E71A8F00F6C69E /* missu_cn.aac in Resources */ = {isa = PBXBuildFile; fileRef = 3AA6B38F17E71A8F00F6C69E /* missu_cn.aac */; };
		3AA6B39817E71A8F00F6C69E /* missu_en.aac in Resources */ = {isa = PBXBuildFile; fileRef = 3AA6B39017E71A8F00F6C69E /* missu_en.aac */; };
		3AA6B39917E71A8F00F6C69E /* more_cn.aac in Resources */ = {isa = PBXBuildFile; fileRef = 3AA6B39117E71A8F00F6C69E /* more_cn.aac */; };
		3AA6B39A17E71A8F00F6C69E /* more_en.aac in Resources */ = {isa = PBXBuildFile; fileRef = 3AA6B39217E71A8F00F6C69E /* more_en.aac */; };
		3AA6B39B17E71A8F00F6C69E /* quicktalk_cn.aac in Resources */ = {isa = PBXBuildFile; fileRef = 3AA6B39317E71A8F00F6C69E /* quicktalk_cn.aac */; };
		3AA6B39C17E71A8F00F6C69E /* quicktalk_en.aac in Resources */ = {isa = PBXBuildFile; fileRef = 3AA6B39417E71A8F00F6C69E /* quicktalk_en.aac */; };
		3AA6B39D17E71A8F00F6C69E /* reminder_cn.aac in Resources */ = {isa = PBXBuildFile; fileRef = 3AA6B39517E71A8F00F6C69E /* reminder_cn.aac */; };
		3AA6B39E17E71A8F00F6C69E /* reminder_en.aac in Resources */ = {isa = PBXBuildFile; fileRef = 3AA6B39617E71A8F00F6C69E /* reminder_en.aac */; };
		BF035692176B2575004996DA /* record_mic_icon.png in Resources */ = {isa = PBXBuildFile; fileRef = BF035691176B2575004996DA /* record_mic_icon.png */; };
		BF035694176B257D004996DA /* record_mic_icon@2x.png in Resources */ = {isa = PBXBuildFile; fileRef = BF035693176B257D004996DA /* record_mic_icon@2x.png */; };
		BF05958A17B7B8CA00C4921A /* GLMessageItem.m in Sources */ = {isa = PBXBuildFile; fileRef = BF05958917B7B8CA00C4921A /* GLMessageItem.m */; };
		BF067BFD17B77D8E0051E8B7 /* GLBuddy.m in Sources */ = {isa = PBXBuildFile; fileRef = BF067BFC17B77D8E0051E8B7 /* GLBuddy.m */; };
		BF067C0017B782880051E8B7 /* GLBuddyItem.m in Sources */ = {isa = PBXBuildFile; fileRef = BF067BFF17B782880051E8B7 /* GLBuddyItem.m */; };
		BF067C0617B78FB40051E8B7 /* KZPropertyMapper+boxValueAsString.m in Sources */ = {isa = PBXBuildFile; fileRef = BF067C0517B78FB30051E8B7 /* KZPropertyMapper+boxValueAsString.m */; };
		BF20BC3B17AE058900EB1980 /* GLRegisterMiddleViewController.m in Sources */ = {isa = PBXBuildFile; fileRef = BF20BC3A17AE058900EB1980 /* GLRegisterMiddleViewController.m */; };
		BF20BC4017AE068D00EB1980 /* youngframe@2x.png in Resources */ = {isa = PBXBuildFile; fileRef = BF20BC3C17AE068D00EB1980 /* youngframe@2x.png */; };
		BF20BC4117AE068D00EB1980 /* youngframe.png in Resources */ = {isa = PBXBuildFile; fileRef = BF20BC3D17AE068D00EB1980 /* youngframe.png */; };
		BF20BC4217AE068D00EB1980 /* oldframe@2x.png in Resources */ = {isa = PBXBuildFile; fileRef = BF20BC3E17AE068D00EB1980 /* oldframe@2x.png */; };
		BF20BC4317AE068D00EB1980 /* oldframe.png in Resources */ = {isa = PBXBuildFile; fileRef = BF20BC3F17AE068D00EB1980 /* oldframe.png */; };
		BF20BC4817AE568B00EB1980 /* loginButtonPressed@2x.png in Resources */ = {isa = PBXBuildFile; fileRef = BF20BC4417AE568B00EB1980 /* loginButtonPressed@2x.png */; };
		BF20BC4917AE568B00EB1980 /* loginButtonPressed.png in Resources */ = {isa = PBXBuildFile; fileRef = BF20BC4517AE568B00EB1980 /* loginButtonPressed.png */; };
		BF20BC4A17AE568B00EB1980 /* loginButtonNormal@2x.png in Resources */ = {isa = PBXBuildFile; fileRef = BF20BC4617AE568B00EB1980 /* loginButtonNormal@2x.png */; };
		BF20BC4B17AE568B00EB1980 /* loginButtonNormal.png in Resources */ = {isa = PBXBuildFile; fileRef = BF20BC4717AE568B00EB1980 /* loginButtonNormal.png */; };
		BF20BC4E17AE56C900EB1980 /* GLLoginViewController.m in Sources */ = {isa = PBXBuildFile; fileRef = BF20BC4D17AE56C900EB1980 /* GLLoginViewController.m */; };
		BF20BC5117AE7B9900EB1980 /* GLBuddyApiClient.m in Sources */ = {isa = PBXBuildFile; fileRef = BF20BC5017AE7B9900EB1980 /* GLBuddyApiClient.m */; };
		BF20BC5417AE7D3A00EB1980 /* GLUserAgent.m in Sources */ = {isa = PBXBuildFile; fileRef = BF20BC5317AE7D3A00EB1980 /* GLUserAgent.m */; };
		BF2B3A7617C85FD4001685E5 /* dropDownBG.png in Resources */ = {isa = PBXBuildFile; fileRef = BF2B3A7417C85FD4001685E5 /* dropDownBG.png */; };
		BF2B3A7717C85FD4001685E5 /* dropDownBG@2x.png in Resources */ = {isa = PBXBuildFile; fileRef = BF2B3A7517C85FD4001685E5 /* dropDownBG@2x.png */; };
		BF2B3A8417C86136001685E5 /* DropDownMessageNormal.png in Resources */ = {isa = PBXBuildFile; fileRef = BF2B3A7817C86136001685E5 /* DropDownMessageNormal.png */; };
		BF2B3A8517C86136001685E5 /* DropDownMessageNormal@2x.png in Resources */ = {isa = PBXBuildFile; fileRef = BF2B3A7917C86136001685E5 /* DropDownMessageNormal@2x.png */; };
		BF2B3A8617C86136001685E5 /* DropDownPhonePressed.png in Resources */ = {isa = PBXBuildFile; fileRef = BF2B3A7A17C86136001685E5 /* DropDownPhonePressed.png */; };
		BF2B3A8717C86136001685E5 /* DropDownPhonePressed@2x.png in Resources */ = {isa = PBXBuildFile; fileRef = BF2B3A7B17C86136001685E5 /* DropDownPhonePressed@2x.png */; };
		BF2B3A8817C86136001685E5 /* DropDownReminderPressed.png in Resources */ = {isa = PBXBuildFile; fileRef = BF2B3A7C17C86136001685E5 /* DropDownReminderPressed.png */; };
		BF2B3A8917C86136001685E5 /* DropDownMessagePressed@2x.png in Resources */ = {isa = PBXBuildFile; fileRef = BF2B3A7D17C86136001685E5 /* DropDownMessagePressed@2x.png */; };
		BF2B3A8A17C86136001685E5 /* DropDownReminderPressed@2x.png in Resources */ = {isa = PBXBuildFile; fileRef = BF2B3A7E17C86136001685E5 /* DropDownReminderPressed@2x.png */; };
		BF2B3A8B17C86136001685E5 /* DropDownPhoneNormal@2x.png in Resources */ = {isa = PBXBuildFile; fileRef = BF2B3A7F17C86136001685E5 /* DropDownPhoneNormal@2x.png */; };
		BF2B3A8C17C86136001685E5 /* DropDownMessagePressed.png in Resources */ = {isa = PBXBuildFile; fileRef = BF2B3A8017C86136001685E5 /* DropDownMessagePressed.png */; };
		BF2B3A8D17C86136001685E5 /* DropDownReminderNormal.png in Resources */ = {isa = PBXBuildFile; fileRef = BF2B3A8117C86136001685E5 /* DropDownReminderNormal.png */; };
		BF2B3A8E17C86136001685E5 /* DropDownReminderNormal@2x.png in Resources */ = {isa = PBXBuildFile; fileRef = BF2B3A8217C86136001685E5 /* DropDownReminderNormal@2x.png */; };
		BF2B3A8F17C86136001685E5 /* DropDownPhoneNormal.png in Resources */ = {isa = PBXBuildFile; fileRef = BF2B3A8317C86136001685E5 /* DropDownPhoneNormal.png */; };
		BF2B3A9E17C86336001685E5 /* mood20@2x.png in Resources */ = {isa = PBXBuildFile; fileRef = BF2B3A9017C86336001685E5 /* mood20@2x.png */; };
		BF2B3A9F17C86336001685E5 /* missYouHeart@2x.png in Resources */ = {isa = PBXBuildFile; fileRef = BF2B3A9117C86336001685E5 /* missYouHeart@2x.png */; };
		BF2B3AA017C86336001685E5 /* mood40.png in Resources */ = {isa = PBXBuildFile; fileRef = BF2B3A9217C86336001685E5 /* mood40.png */; };
		BF2B3AA117C86336001685E5 /* missYouHeart.png in Resources */ = {isa = PBXBuildFile; fileRef = BF2B3A9317C86336001685E5 /* missYouHeart.png */; };
		BF2B3AA217C86336001685E5 /* mood0.png in Resources */ = {isa = PBXBuildFile; fileRef = BF2B3A9417C86336001685E5 /* mood0.png */; };
		BF2B3AA317C86336001685E5 /* mood80@2x.png in Resources */ = {isa = PBXBuildFile; fileRef = BF2B3A9517C86336001685E5 /* mood80@2x.png */; };
		BF2B3AA417C86336001685E5 /* mood80.png in Resources */ = {isa = PBXBuildFile; fileRef = BF2B3A9617C86336001685E5 /* mood80.png */; };
		BF2B3AA517C86336001685E5 /* mood20.png in Resources */ = {isa = PBXBuildFile; fileRef = BF2B3A9717C86336001685E5 /* mood20.png */; };
		BF2B3AA617C86336001685E5 /* mood60.png in Resources */ = {isa = PBXBuildFile; fileRef = BF2B3A9817C86336001685E5 /* mood60.png */; };
		BF2B3AA717C86336001685E5 /* mood100.png in Resources */ = {isa = PBXBuildFile; fileRef = BF2B3A9917C86336001685E5 /* mood100.png */; };
		BF2B3AA817C86336001685E5 /* mood100@2x.png in Resources */ = {isa = PBXBuildFile; fileRef = BF2B3A9A17C86336001685E5 /* mood100@2x.png */; };
		BF2B3AA917C86336001685E5 /* mood40@2x.png in Resources */ = {isa = PBXBuildFile; fileRef = BF2B3A9B17C86336001685E5 /* mood40@2x.png */; };
		BF2B3AAA17C86336001685E5 /* mood60@2x.png in Resources */ = {isa = PBXBuildFile; fileRef = BF2B3A9C17C86336001685E5 /* mood60@2x.png */; };
		BF2B3AAB17C86336001685E5 /* mood0@2x.png in Resources */ = {isa = PBXBuildFile; fileRef = BF2B3A9D17C86336001685E5 /* mood0@2x.png */; };
		BF2B3AB017C86379001685E5 /* moodProgress.png in Resources */ = {isa = PBXBuildFile; fileRef = BF2B3AAC17C86379001685E5 /* moodProgress.png */; };
		BF2B3AB117C86379001685E5 /* moodProgressBG.png in Resources */ = {isa = PBXBuildFile; fileRef = BF2B3AAD17C86379001685E5 /* moodProgressBG.png */; };
		BF2B3AB217C86379001685E5 /* moodProgressBG@2x.png in Resources */ = {isa = PBXBuildFile; fileRef = BF2B3AAE17C86379001685E5 /* moodProgressBG@2x.png */; };
		BF2B3AB317C86379001685E5 /* moodProgress@2x.png in Resources */ = {isa = PBXBuildFile; fileRef = BF2B3AAF17C86379001685E5 /* moodProgress@2x.png */; };
		BF2B3AB717C8650D001685E5 /* GLChildBuddyViewController.m in Sources */ = {isa = PBXBuildFile; fileRef = BF2B3AB617C8650D001685E5 /* GLChildBuddyViewController.m */; };
		BF2B3ABA17C86542001685E5 /* GLChildBuddyCell.m in Sources */ = {isa = PBXBuildFile; fileRef = BF2B3AB917C86542001685E5 /* GLChildBuddyCell.m */; };
		BF2B3ABD17C8655B001685E5 /* GLChildBuddyItem.m in Sources */ = {isa = PBXBuildFile; fileRef = BF2B3ABC17C8655B001685E5 /* GLChildBuddyItem.m */; };
		BF322308176B53220008C973 /* record_wave_animation.png in Resources */ = {isa = PBXBuildFile; fileRef = BF322306176B53220008C973 /* record_wave_animation.png */; };
		BF322309176B53220008C973 /* record_wave_animation@2x.png in Resources */ = {isa = PBXBuildFile; fileRef = BF322307176B53220008C973 /* record_wave_animation@2x.png */; };
		BF32230C176B5AE10008C973 /* GLReminderSettingViewController.m in Sources */ = {isa = PBXBuildFile; fileRef = BF32230B176B5AE10008C973 /* GLReminderSettingViewController.m */; };
		BF32230F176B7A9F0008C973 /* GLReminderManager.m in Sources */ = {isa = PBXBuildFile; fileRef = BF32230E176B7A9F0008C973 /* GLReminderManager.m */; };
		BF3501081768C89B00E3ABD1 /* GLRecordViewController.m in Sources */ = {isa = PBXBuildFile; fileRef = BF3501071768C89B00E3ABD1 /* GLRecordViewController.m */; };
		BF35010B1768C95000E3ABD1 /* AVFoundation.framework in Frameworks */ = {isa = PBXBuildFile; fileRef = BF35010A1768C95000E3ABD1 /* AVFoundation.framework */; };
		BF46F49F17B79F60007B9B04 /* GLReminder.m in Sources */ = {isa = PBXBuildFile; fileRef = BF46F49E17B79F60007B9B04 /* GLReminder.m */; };
		BF46F4A217B7A5A7007B9B04 /* GLReminderItem.m in Sources */ = {isa = PBXBuildFile; fileRef = BF46F4A117B7A5A7007B9B04 /* GLReminderItem.m */; };
		BF61629C1768C2CE006ED53F /* GLAudioManager.m in Sources */ = {isa = PBXBuildFile; fileRef = BF61629B1768C2CE006ED53F /* GLAudioManager.m */; };
		BF6844F617C86F2E0003B1C5 /* GLDropDownItem.m in Sources */ = {isa = PBXBuildFile; fileRef = BF6844F517C86F2E0003B1C5 /* GLDropDownItem.m */; };
		BF6844F917C86F400003B1C5 /* GLDropDownCell.m in Sources */ = {isa = PBXBuildFile; fileRef = BF6844F817C86F400003B1C5 /* GLDropDownCell.m */; };
		BF790BB917ADE9FC007E2FC1 /* GLLaunchViewController.m in Sources */ = {isa = PBXBuildFile; fileRef = BF790BB817ADE9FC007E2FC1 /* GLLaunchViewController.m */; };
		BF790BBD17ADEA11007E2FC1 /* GLRegisterViewController.m in Sources */ = {isa = PBXBuildFile; fileRef = BF790BBC17ADEA11007E2FC1 /* GLRegisterViewController.m */; };
		BF790BF717ADF45F007E2FC1 /* LaunchIntroImage-0@2x.png in Resources */ = {isa = PBXBuildFile; fileRef = BF790BED17ADF45F007E2FC1 /* LaunchIntroImage-0@2x.png */; };
		BF790BF817ADF45F007E2FC1 /* LaunchIntroImage-3@2x.png in Resources */ = {isa = PBXBuildFile; fileRef = BF790BEE17ADF45F007E2FC1 /* LaunchIntroImage-3@2x.png */; };
		BF790BF917ADF45F007E2FC1 /* LaunchIntroImage-4@2x.png in Resources */ = {isa = PBXBuildFile; fileRef = BF790BEF17ADF45F007E2FC1 /* LaunchIntroImage-4@2x.png */; };
		BF790BFA17ADF45F007E2FC1 /* LaunchIntroImage-1@2x.png in Resources */ = {isa = PBXBuildFile; fileRef = BF790BF017ADF45F007E2FC1 /* LaunchIntroImage-1@2x.png */; };
		BF790BFB17ADF45F007E2FC1 /* LaunchIntroImage-1.png in Resources */ = {isa = PBXBuildFile; fileRef = BF790BF117ADF45F007E2FC1 /* LaunchIntroImage-1.png */; };
		BF790BFC17ADF45F007E2FC1 /* LaunchIntroImage-2@2x.png in Resources */ = {isa = PBXBuildFile; fileRef = BF790BF217ADF45F007E2FC1 /* LaunchIntroImage-2@2x.png */; };
		BF790BFD17ADF45F007E2FC1 /* LaunchIntroImage-3.png in Resources */ = {isa = PBXBuildFile; fileRef = BF790BF317ADF45F007E2FC1 /* LaunchIntroImage-3.png */; };
		BF790BFE17ADF45F007E2FC1 /* LaunchIntroImage-2.png in Resources */ = {isa = PBXBuildFile; fileRef = BF790BF417ADF45F007E2FC1 /* LaunchIntroImage-2.png */; };
		BF790BFF17ADF45F007E2FC1 /* LaunchIntroImage-4.png in Resources */ = {isa = PBXBuildFile; fileRef = BF790BF517ADF45F007E2FC1 /* LaunchIntroImage-4.png */; };
		BF790C0017ADF45F007E2FC1 /* LaunchIntroImage-0.png in Resources */ = {isa = PBXBuildFile; fileRef = BF790BF617ADF45F007E2FC1 /* LaunchIntroImage-0.png */; };
		BF790C0B17ADF957007E2FC1 /* LaunchWhiteButtonPressed.png in Resources */ = {isa = PBXBuildFile; fileRef = BF790C0317ADF957007E2FC1 /* LaunchWhiteButtonPressed.png */; };
		BF790C0C17ADF957007E2FC1 /* LaunchWhiteButtonNormal@2x.png in Resources */ = {isa = PBXBuildFile; fileRef = BF790C0417ADF957007E2FC1 /* LaunchWhiteButtonNormal@2x.png */; };
		BF790C0E17ADF957007E2FC1 /* LaunchWhiteButtonNormal.png in Resources */ = {isa = PBXBuildFile; fileRef = BF790C0617ADF957007E2FC1 /* LaunchWhiteButtonNormal.png */; };
		BF790C1017ADF957007E2FC1 /* LaunchWhiteButtonPressed@2x.png in Resources */ = {isa = PBXBuildFile; fileRef = BF790C0817ADF957007E2FC1 /* LaunchWhiteButtonPressed@2x.png */; };
		BF8679CE17F67DC0004C1599 /* LaunchIntroImage4-2@2x.png in Resources */ = {isa = PBXBuildFile; fileRef = BF8679C417F67DC0004C1599 /* LaunchIntroImage4-2@2x.png */; };
		BF8679CF17F67DC0004C1599 /* LaunchIntroImage4-4@2x.png in Resources */ = {isa = PBXBuildFile; fileRef = BF8679C517F67DC0004C1599 /* LaunchIntroImage4-4@2x.png */; };
		BF8679D017F67DC0004C1599 /* LaunchIntroImage4-4.png in Resources */ = {isa = PBXBuildFile; fileRef = BF8679C617F67DC0004C1599 /* LaunchIntroImage4-4.png */; };
		BF8679D117F67DC0004C1599 /* LaunchIntroImage4-1.png in Resources */ = {isa = PBXBuildFile; fileRef = BF8679C717F67DC0004C1599 /* LaunchIntroImage4-1.png */; };
		BF8679D217F67DC0004C1599 /* LaunchIntroImage4-3@2x.png in Resources */ = {isa = PBXBuildFile; fileRef = BF8679C817F67DC0004C1599 /* LaunchIntroImage4-3@2x.png */; };
		BF8679D317F67DC0004C1599 /* LaunchIntroImage4-0@2x.png in Resources */ = {isa = PBXBuildFile; fileRef = BF8679C917F67DC0004C1599 /* LaunchIntroImage4-0@2x.png */; };
		BF8679D417F67DC0004C1599 /* LaunchIntroImage4-2.png in Resources */ = {isa = PBXBuildFile; fileRef = BF8679CA17F67DC0004C1599 /* LaunchIntroImage4-2.png */; };
		BF8679D517F67DC0004C1599 /* LaunchIntroImage4-1@2x.png in Resources */ = {isa = PBXBuildFile; fileRef = BF8679CB17F67DC0004C1599 /* LaunchIntroImage4-1@2x.png */; };
		BF8679D617F67DC0004C1599 /* LaunchIntroImage4-0.png in Resources */ = {isa = PBXBuildFile; fileRef = BF8679CC17F67DC0004C1599 /* LaunchIntroImage4-0.png */; };
		BF8679D717F67DC0004C1599 /* LaunchIntroImage4-3.png in Resources */ = {isa = PBXBuildFile; fileRef = BF8679CD17F67DC0004C1599 /* LaunchIntroImage4-3.png */; };
		BF8AA86017F6CA980007F56B /* more.png in Resources */ = {isa = PBXBuildFile; fileRef = BF8AA85817F6CA980007F56B /* more.png */; };
		BF8AA86117F6CA980007F56B /* like.png in Resources */ = {isa = PBXBuildFile; fileRef = BF8AA85917F6CA980007F56B /* like.png */; };
		BF8AA86217F6CA980007F56B /* alarm@2x.png in Resources */ = {isa = PBXBuildFile; fileRef = BF8AA85A17F6CA980007F56B /* alarm@2x.png */; };
		BF8AA86317F6CA980007F56B /* alarm.png in Resources */ = {isa = PBXBuildFile; fileRef = BF8AA85B17F6CA980007F56B /* alarm.png */; };
		BF8AA86417F6CA980007F56B /* like@2x.png in Resources */ = {isa = PBXBuildFile; fileRef = BF8AA85C17F6CA980007F56B /* like@2x.png */; };
		BF8AA86517F6CA980007F56B /* user@2x.png in Resources */ = {isa = PBXBuildFile; fileRef = BF8AA85D17F6CA980007F56B /* user@2x.png */; };
		BF8AA86617F6CA980007F56B /* more@2x.png in Resources */ = {isa = PBXBuildFile; fileRef = BF8AA85E17F6CA980007F56B /* more@2x.png */; };
		BF8AA86717F6CA980007F56B /* user.png in Resources */ = {isa = PBXBuildFile; fileRef = BF8AA85F17F6CA980007F56B /* user.png */; };
		BF9360E3176B2F1700A3A928 /* record_power_indicator.png in Resources */ = {isa = PBXBuildFile; fileRef = BF9360E1176B2F1700A3A928 /* record_power_indicator.png */; };
		BF9360E4176B2F1700A3A928 /* record_power_indicator@2x.png in Resources */ = {isa = PBXBuildFile; fileRef = BF9360E2176B2F1700A3A928 /* record_power_indicator@2x.png */; };
		BF9360F0176B313A00A3A928 /* MCProgressBarView.m in Sources */ = {isa = PBXBuildFile; fileRef = BF9360EF176B313A00A3A928 /* MCProgressBarView.m */; };
		BF9360F6176B316700A3A928 /* progress_bg.png in Resources */ = {isa = PBXBuildFile; fileRef = BF9360F2176B316600A3A928 /* progress_bg.png */; };
		BF9360F7176B316700A3A928 /* progress_bg@2x.png in Resources */ = {isa = PBXBuildFile; fileRef = BF9360F3176B316600A3A928 /* progress_bg@2x.png */; };
		BF9360F8176B316700A3A928 /* progress_fg.png in Resources */ = {isa = PBXBuildFile; fileRef = BF9360F4176B316600A3A928 /* progress_fg.png */; };
		BF9360F9176B316700A3A928 /* progress_fg@2x.png in Resources */ = {isa = PBXBuildFile; fileRef = BF9360F5176B316600A3A928 /* progress_fg@2x.png */; };
		BFCF7FD11768CEAA0083E30B /* AudioToolbox.framework in Frameworks */ = {isa = PBXBuildFile; fileRef = BFCF7FD01768CEAA0083E30B /* AudioToolbox.framework */; };
		BFCF7FD41768DB810083E30B /* GLAudioPowerIndicatorView.m in Sources */ = {isa = PBXBuildFile; fileRef = BFCF7FD31768DB810083E30B /* GLAudioPowerIndicatorView.m */; };
		BFDFA6CC1764E83D006668BC /* UIKit.framework in Frameworks */ = {isa = PBXBuildFile; fileRef = BFDFA6CB1764E83D006668BC /* UIKit.framework */; };
		BFDFA6CE1764E83D006668BC /* Foundation.framework in Frameworks */ = {isa = PBXBuildFile; fileRef = BFDFA6CD1764E83D006668BC /* Foundation.framework */; };
		BFDFA6D01764E83D006668BC /* CoreGraphics.framework in Frameworks */ = {isa = PBXBuildFile; fileRef = BFDFA6CF1764E83D006668BC /* CoreGraphics.framework */; };
		BFDFA6D61764E83D006668BC /* InfoPlist.strings in Resources */ = {isa = PBXBuildFile; fileRef = BFDFA6D41764E83D006668BC /* InfoPlist.strings */; };
		BFDFA6D81764E83D006668BC /* main.m in Sources */ = {isa = PBXBuildFile; fileRef = BFDFA6D71764E83D006668BC /* main.m */; };
		BFDFA6DC1764E83D006668BC /* GLAppDelegate.m in Sources */ = {isa = PBXBuildFile; fileRef = BFDFA6DB1764E83D006668BC /* GLAppDelegate.m */; };
		BFDFA6DE1764E83D006668BC /* Default.png in Resources */ = {isa = PBXBuildFile; fileRef = BFDFA6DD1764E83D006668BC /* Default.png */; };
		BFDFA6E01764E83D006668BC /* Default@2x.png in Resources */ = {isa = PBXBuildFile; fileRef = BFDFA6DF1764E83D006668BC /* Default@2x.png */; };
		BFDFA6E21764E83D006668BC /* Default-568h@2x.png in Resources */ = {isa = PBXBuildFile; fileRef = BFDFA6E11764E83D006668BC /* Default-568h@2x.png */; };
		BFDFA6E91764E887006668BC /* MainStoryboard.storyboard in Resources */ = {isa = PBXBuildFile; fileRef = BFDFA6E81764E887006668BC /* MainStoryboard.storyboard */; };
		BFDFA7181765020D006668BC /* navi_bg@2x.png in Resources */ = {isa = PBXBuildFile; fileRef = BFDFA7111765020D006668BC /* navi_bg@2x.png */; };
		BFDFA7191765020D006668BC /* tabbar_item1@2x.png in Resources */ = {isa = PBXBuildFile; fileRef = BFDFA7121765020D006668BC /* tabbar_item1@2x.png */; };
		BFDFA71A1765020D006668BC /* tabbar_item2@2x.png in Resources */ = {isa = PBXBuildFile; fileRef = BFDFA7131765020D006668BC /* tabbar_item2@2x.png */; };
		BFDFA71B1765020D006668BC /* tabbar_item3@2x.png in Resources */ = {isa = PBXBuildFile; fileRef = BFDFA7141765020D006668BC /* tabbar_item3@2x.png */; };
		BFDFA71C1765020D006668BC /* tabbar_item4@2x.png in Resources */ = {isa = PBXBuildFile; fileRef = BFDFA7151765020D006668BC /* tabbar_item4@2x.png */; };
		BFDFA71D1765020D006668BC /* tabbar_selected@2x.png in Resources */ = {isa = PBXBuildFile; fileRef = BFDFA7161765020D006668BC /* tabbar_selected@2x.png */; };
		BFDFA71E1765020D006668BC /* tabbar_bg@2x.png in Resources */ = {isa = PBXBuildFile; fileRef = BFDFA7171765020D006668BC /* tabbar_bg@2x.png */; };
		BFDFA72217650288006668BC /* GLBuddyViewController.m in Sources */ = {isa = PBXBuildFile; fileRef = BFDFA72117650288006668BC /* GLBuddyViewController.m */; };
		BFDFA72517650414006668BC /* GLReminderViewController.m in Sources */ = {isa = PBXBuildFile; fileRef = BFDFA72417650414006668BC /* GLReminderViewController.m */; };
		BFDFA72817650428006668BC /* GLMessageViewController.m in Sources */ = {isa = PBXBuildFile; fileRef = BFDFA72717650428006668BC /* GLMessageViewController.m */; };
		BFDFA72B17650432006668BC /* GLMoreViewController.m in Sources */ = {isa = PBXBuildFile; fileRef = BFDFA72A17650432006668BC /* GLMoreViewController.m */; };
		BFDFA73317650872006668BC /* viewcontroller_bg@2x.png in Resources */ = {isa = PBXBuildFile; fileRef = BFDFA73217650872006668BC /* viewcontroller_bg@2x.png */; };
		BFDFA73717650963006668BC /* buddy_tableviewcell_bg@2x.png in Resources */ = {isa = PBXBuildFile; fileRef = BFDFA73617650963006668BC /* buddy_tableviewcell_bg@2x.png */; };
		BFDFA73A176509E4006668BC /* GLBuddyCell.m in Sources */ = {isa = PBXBuildFile; fileRef = BFDFA739176509E4006668BC /* GLBuddyCell.m */; };
		BFDFA73E17650C47006668BC /* buddy_tableviewcell_phone@2x.png in Resources */ = {isa = PBXBuildFile; fileRef = BFDFA73D17650C47006668BC /* buddy_tableviewcell_phone@2x.png */; };
		BFDFA74017650CB4006668BC /* buddy_tableviewcell_default_avatar@2x.png in Resources */ = {isa = PBXBuildFile; fileRef = BFDFA73F17650CB4006668BC /* buddy_tableviewcell_default_avatar@2x.png */; };
		BFDFA74B1765B3CC006668BC /* navi_plusbutton@2x.png in Resources */ = {isa = PBXBuildFile; fileRef = BFDFA74A1765B3CC006668BC /* navi_plusbutton@2x.png */; };
		BFDFA74D1765B425006668BC /* icon57x57.png in Resources */ = {isa = PBXBuildFile; fileRef = BFDFA74C1765B425006668BC /* icon57x57.png */; };
		BFDFA74F1765B428006668BC /* icon114x114.png in Resources */ = {isa = PBXBuildFile; fileRef = BFDFA74E1765B428006668BC /* icon114x114.png */; };
		BFDFA7511765B5AC006668BC /* navi_plusbutton_selected@2x.png in Resources */ = {isa = PBXBuildFile; fileRef = BFDFA7501765B5AC006668BC /* navi_plusbutton_selected@2x.png */; };
		BFDFA7561765BA23006668BC /* reminder_tableviewcell_bubble_reading1@2x.png in Resources */ = {isa = PBXBuildFile; fileRef = BFDFA7521765BA22006668BC /* reminder_tableviewcell_bubble_reading1@2x.png */; };
		BFDFA7571765BA23006668BC /* reminder_tableviewcell_bubble_reading2@2x.png in Resources */ = {isa = PBXBuildFile; fileRef = BFDFA7531765BA23006668BC /* reminder_tableviewcell_bubble_reading2@2x.png */; };
		BFDFA7581765BA23006668BC /* reminder_tableviewcell_bubble_reading3@2x.png in Resources */ = {isa = PBXBuildFile; fileRef = BFDFA7541765BA23006668BC /* reminder_tableviewcell_bubble_reading3@2x.png */; };
		BFDFA7591765BA23006668BC /* reminder_tableviewcell_bubble_unread@2x.png in Resources */ = {isa = PBXBuildFile; fileRef = BFDFA7551765BA23006668BC /* reminder_tableviewcell_bubble_unread@2x.png */; };
		BFDFA75C1765BA46006668BC /* GLReminderCell.m in Sources */ = {isa = PBXBuildFile; fileRef = BFDFA75B1765BA46006668BC /* GLReminderCell.m */; };
		BFDFA75F1765C34D006668BC /* message_tableviewcell_sent@2x.png in Resources */ = {isa = PBXBuildFile; fileRef = BFDFA75D1765C34C006668BC /* message_tableviewcell_sent@2x.png */; };
		BFDFA7601765C34D006668BC /* message_tableviewcell_unsend@2x.png in Resources */ = {isa = PBXBuildFile; fileRef = BFDFA75E1765C34C006668BC /* message_tableviewcell_unsend@2x.png */; };
		BFDFA7631765C394006668BC /* GLMessageCell.m in Sources */ = {isa = PBXBuildFile; fileRef = BFDFA7621765C394006668BC /* GLMessageCell.m */; };
		BFDFA7661765CF69006668BC /* GLBuddyManager.m in Sources */ = {isa = PBXBuildFile; fileRef = BFDFA7651765CF68006668BC /* GLBuddyManager.m */; };
		BFDFA76C1765E4C1006668BC /* MessageUI.framework in Frameworks */ = {isa = PBXBuildFile; fileRef = BFDFA76B1765E4C1006668BC /* MessageUI.framework */; };
		BFDFA76F17662320006668BC /* AddressBook.framework in Frameworks */ = {isa = PBXBuildFile; fileRef = BFDFA76D1766231F006668BC /* AddressBook.framework */; };
		BFDFA77017662320006668BC /* AddressBookUI.framework in Frameworks */ = {isa = PBXBuildFile; fileRef = BFDFA76E17662320006668BC /* AddressBookUI.framework */; };
		BFDFA77217662E05006668BC /* QuartzCore.framework in Frameworks */ = {isa = PBXBuildFile; fileRef = BFDFA77117662E05006668BC /* QuartzCore.framework */; };
		BFFAD27217ADFFDE008F77AA /* chooseold.png in Resources */ = {isa = PBXBuildFile; fileRef = BFFAD26E17ADFFDE008F77AA /* chooseold.png */; };
		BFFAD27317ADFFDE008F77AA /* chooseyoung.png in Resources */ = {isa = PBXBuildFile; fileRef = BFFAD26F17ADFFDE008F77AA /* chooseyoung.png */; };
		BFFAD27417ADFFDE008F77AA /* chooseold@2x.png in Resources */ = {isa = PBXBuildFile; fileRef = BFFAD27017ADFFDE008F77AA /* chooseold@2x.png */; };
		BFFAD27517ADFFDE008F77AA /* chooseyoung@2x.png in Resources */ = {isa = PBXBuildFile; fileRef = BFFAD27117ADFFDE008F77AA /* chooseyoung@2x.png */; };
		BFFAD27C17AE007F008F77AA /* dot1.png in Resources */ = {isa = PBXBuildFile; fileRef = BFFAD27617AE007E008F77AA /* dot1.png */; };
		BFFAD27D17AE007F008F77AA /* dot2.png in Resources */ = {isa = PBXBuildFile; fileRef = BFFAD27717AE007E008F77AA /* dot2.png */; };
		BFFAD27E17AE007F008F77AA /* dot3.png in Resources */ = {isa = PBXBuildFile; fileRef = BFFAD27817AE007F008F77AA /* dot3.png */; };
		BFFAD27F17AE007F008F77AA /* dot3@2x.png in Resources */ = {isa = PBXBuildFile; fileRef = BFFAD27917AE007F008F77AA /* dot3@2x.png */; };
		BFFAD28017AE007F008F77AA /* dot1@2x.png in Resources */ = {isa = PBXBuildFile; fileRef = BFFAD27A17AE007F008F77AA /* dot1@2x.png */; };
		BFFAD28117AE007F008F77AA /* dot2@2x.png in Resources */ = {isa = PBXBuildFile; fileRef = BFFAD27B17AE007F008F77AA /* dot2@2x.png */; };
		BFFAD28A17AE0137008F77AA /* GLRegisterFinishViewController.m in Sources */ = {isa = PBXBuildFile; fileRef = BFFAD28917AE0137008F77AA /* GLRegisterFinishViewController.m */; };
		D5F6838613F2457881927AC2 /* libPods.a in Frameworks */ = {isa = PBXBuildFile; fileRef = FD115A314A7248F692A47BF0 /* libPods.a */; };
/* End PBXBuildFile section */

/* Begin PBXFileReference section */
		3AA6B38F17E71A8F00F6C69E /* missu_cn.aac */ = {isa = PBXFileReference; lastKnownFileType = file; path = missu_cn.aac; sourceTree = "<group>"; };
		3AA6B39017E71A8F00F6C69E /* missu_en.aac */ = {isa = PBXFileReference; lastKnownFileType = file; path = missu_en.aac; sourceTree = "<group>"; };
		3AA6B39117E71A8F00F6C69E /* more_cn.aac */ = {isa = PBXFileReference; lastKnownFileType = file; path = more_cn.aac; sourceTree = "<group>"; };
		3AA6B39217E71A8F00F6C69E /* more_en.aac */ = {isa = PBXFileReference; lastKnownFileType = file; path = more_en.aac; sourceTree = "<group>"; };
		3AA6B39317E71A8F00F6C69E /* quicktalk_cn.aac */ = {isa = PBXFileReference; lastKnownFileType = file; path = quicktalk_cn.aac; sourceTree = "<group>"; };
		3AA6B39417E71A8F00F6C69E /* quicktalk_en.aac */ = {isa = PBXFileReference; lastKnownFileType = file; path = quicktalk_en.aac; sourceTree = "<group>"; };
		3AA6B39517E71A8F00F6C69E /* reminder_cn.aac */ = {isa = PBXFileReference; lastKnownFileType = file; path = reminder_cn.aac; sourceTree = "<group>"; };
		3AA6B39617E71A8F00F6C69E /* reminder_en.aac */ = {isa = PBXFileReference; lastKnownFileType = file; path = reminder_en.aac; sourceTree = "<group>"; };
		7832FC8B3FFC4EBA962DD164 /* Pods.xcconfig */ = {isa = PBXFileReference; includeInIndex = 1; lastKnownFileType = text.xcconfig; name = Pods.xcconfig; path = Pods/Pods.xcconfig; sourceTree = SOURCE_ROOT; };
		BF035691176B2575004996DA /* record_mic_icon.png */ = {isa = PBXFileReference; lastKnownFileType = image.png; path = record_mic_icon.png; sourceTree = "<group>"; };
		BF035693176B257D004996DA /* record_mic_icon@2x.png */ = {isa = PBXFileReference; lastKnownFileType = image.png; path = "record_mic_icon@2x.png"; sourceTree = "<group>"; };
		BF05958817B7B8CA00C4921A /* GLMessageItem.h */ = {isa = PBXFileReference; fileEncoding = 4; lastKnownFileType = sourcecode.c.h; path = GLMessageItem.h; sourceTree = "<group>"; };
		BF05958917B7B8CA00C4921A /* GLMessageItem.m */ = {isa = PBXFileReference; fileEncoding = 4; lastKnownFileType = sourcecode.c.objc; path = GLMessageItem.m; sourceTree = "<group>"; };
		BF067BFB17B77D8E0051E8B7 /* GLBuddy.h */ = {isa = PBXFileReference; fileEncoding = 4; lastKnownFileType = sourcecode.c.h; path = GLBuddy.h; sourceTree = "<group>"; };
		BF067BFC17B77D8E0051E8B7 /* GLBuddy.m */ = {isa = PBXFileReference; fileEncoding = 4; lastKnownFileType = sourcecode.c.objc; path = GLBuddy.m; sourceTree = "<group>"; };
		BF067BFE17B782880051E8B7 /* GLBuddyItem.h */ = {isa = PBXFileReference; fileEncoding = 4; lastKnownFileType = sourcecode.c.h; path = GLBuddyItem.h; sourceTree = "<group>"; };
		BF067BFF17B782880051E8B7 /* GLBuddyItem.m */ = {isa = PBXFileReference; fileEncoding = 4; lastKnownFileType = sourcecode.c.objc; path = GLBuddyItem.m; sourceTree = "<group>"; };
		BF067C0417B78FB30051E8B7 /* KZPropertyMapper+boxValueAsString.h */ = {isa = PBXFileReference; fileEncoding = 4; lastKnownFileType = sourcecode.c.h; path = "KZPropertyMapper+boxValueAsString.h"; sourceTree = "<group>"; };
		BF067C0517B78FB30051E8B7 /* KZPropertyMapper+boxValueAsString.m */ = {isa = PBXFileReference; fileEncoding = 4; lastKnownFileType = sourcecode.c.objc; path = "KZPropertyMapper+boxValueAsString.m"; sourceTree = "<group>"; };
		BF20BC3917AE058900EB1980 /* GLRegisterMiddleViewController.h */ = {isa = PBXFileReference; fileEncoding = 4; lastKnownFileType = sourcecode.c.h; path = GLRegisterMiddleViewController.h; sourceTree = "<group>"; };
		BF20BC3A17AE058900EB1980 /* GLRegisterMiddleViewController.m */ = {isa = PBXFileReference; fileEncoding = 4; lastKnownFileType = sourcecode.c.objc; path = GLRegisterMiddleViewController.m; sourceTree = "<group>"; };
		BF20BC3C17AE068D00EB1980 /* youngframe@2x.png */ = {isa = PBXFileReference; lastKnownFileType = image.png; path = "youngframe@2x.png"; sourceTree = "<group>"; };
		BF20BC3D17AE068D00EB1980 /* youngframe.png */ = {isa = PBXFileReference; lastKnownFileType = image.png; path = youngframe.png; sourceTree = "<group>"; };
		BF20BC3E17AE068D00EB1980 /* oldframe@2x.png */ = {isa = PBXFileReference; lastKnownFileType = image.png; path = "oldframe@2x.png"; sourceTree = "<group>"; };
		BF20BC3F17AE068D00EB1980 /* oldframe.png */ = {isa = PBXFileReference; lastKnownFileType = image.png; path = oldframe.png; sourceTree = "<group>"; };
		BF20BC4417AE568B00EB1980 /* loginButtonPressed@2x.png */ = {isa = PBXFileReference; lastKnownFileType = image.png; path = "loginButtonPressed@2x.png"; sourceTree = "<group>"; };
		BF20BC4517AE568B00EB1980 /* loginButtonPressed.png */ = {isa = PBXFileReference; lastKnownFileType = image.png; path = loginButtonPressed.png; sourceTree = "<group>"; };
		BF20BC4617AE568B00EB1980 /* loginButtonNormal@2x.png */ = {isa = PBXFileReference; lastKnownFileType = image.png; path = "loginButtonNormal@2x.png"; sourceTree = "<group>"; };
		BF20BC4717AE568B00EB1980 /* loginButtonNormal.png */ = {isa = PBXFileReference; lastKnownFileType = image.png; path = loginButtonNormal.png; sourceTree = "<group>"; };
		BF20BC4C17AE56C900EB1980 /* GLLoginViewController.h */ = {isa = PBXFileReference; fileEncoding = 4; lastKnownFileType = sourcecode.c.h; path = GLLoginViewController.h; sourceTree = "<group>"; };
		BF20BC4D17AE56C900EB1980 /* GLLoginViewController.m */ = {isa = PBXFileReference; fileEncoding = 4; lastKnownFileType = sourcecode.c.objc; path = GLLoginViewController.m; sourceTree = "<group>"; };
		BF20BC4F17AE7B9900EB1980 /* GLBuddyApiClient.h */ = {isa = PBXFileReference; fileEncoding = 4; lastKnownFileType = sourcecode.c.h; path = GLBuddyApiClient.h; sourceTree = "<group>"; };
		BF20BC5017AE7B9900EB1980 /* GLBuddyApiClient.m */ = {isa = PBXFileReference; fileEncoding = 4; lastKnownFileType = sourcecode.c.objc; path = GLBuddyApiClient.m; sourceTree = "<group>"; };
		BF20BC5217AE7D3A00EB1980 /* GLUserAgent.h */ = {isa = PBXFileReference; fileEncoding = 4; lastKnownFileType = sourcecode.c.h; path = GLUserAgent.h; sourceTree = "<group>"; };
		BF20BC5317AE7D3A00EB1980 /* GLUserAgent.m */ = {isa = PBXFileReference; fileEncoding = 4; lastKnownFileType = sourcecode.c.objc; path = GLUserAgent.m; sourceTree = "<group>"; };
		BF2B3A7417C85FD4001685E5 /* dropDownBG.png */ = {isa = PBXFileReference; lastKnownFileType = image.png; path = dropDownBG.png; sourceTree = "<group>"; };
		BF2B3A7517C85FD4001685E5 /* dropDownBG@2x.png */ = {isa = PBXFileReference; lastKnownFileType = image.png; path = "dropDownBG@2x.png"; sourceTree = "<group>"; };
		BF2B3A7817C86136001685E5 /* DropDownMessageNormal.png */ = {isa = PBXFileReference; lastKnownFileType = image.png; path = DropDownMessageNormal.png; sourceTree = "<group>"; };
		BF2B3A7917C86136001685E5 /* DropDownMessageNormal@2x.png */ = {isa = PBXFileReference; lastKnownFileType = image.png; path = "DropDownMessageNormal@2x.png"; sourceTree = "<group>"; };
		BF2B3A7A17C86136001685E5 /* DropDownPhonePressed.png */ = {isa = PBXFileReference; lastKnownFileType = image.png; path = DropDownPhonePressed.png; sourceTree = "<group>"; };
		BF2B3A7B17C86136001685E5 /* DropDownPhonePressed@2x.png */ = {isa = PBXFileReference; lastKnownFileType = image.png; path = "DropDownPhonePressed@2x.png"; sourceTree = "<group>"; };
		BF2B3A7C17C86136001685E5 /* DropDownReminderPressed.png */ = {isa = PBXFileReference; lastKnownFileType = image.png; path = DropDownReminderPressed.png; sourceTree = "<group>"; };
		BF2B3A7D17C86136001685E5 /* DropDownMessagePressed@2x.png */ = {isa = PBXFileReference; lastKnownFileType = image.png; path = "DropDownMessagePressed@2x.png"; sourceTree = "<group>"; };
		BF2B3A7E17C86136001685E5 /* DropDownReminderPressed@2x.png */ = {isa = PBXFileReference; lastKnownFileType = image.png; path = "DropDownReminderPressed@2x.png"; sourceTree = "<group>"; };
		BF2B3A7F17C86136001685E5 /* DropDownPhoneNormal@2x.png */ = {isa = PBXFileReference; lastKnownFileType = image.png; path = "DropDownPhoneNormal@2x.png"; sourceTree = "<group>"; };
		BF2B3A8017C86136001685E5 /* DropDownMessagePressed.png */ = {isa = PBXFileReference; lastKnownFileType = image.png; path = DropDownMessagePressed.png; sourceTree = "<group>"; };
		BF2B3A8117C86136001685E5 /* DropDownReminderNormal.png */ = {isa = PBXFileReference; lastKnownFileType = image.png; path = DropDownReminderNormal.png; sourceTree = "<group>"; };
		BF2B3A8217C86136001685E5 /* DropDownReminderNormal@2x.png */ = {isa = PBXFileReference; lastKnownFileType = image.png; path = "DropDownReminderNormal@2x.png"; sourceTree = "<group>"; };
		BF2B3A8317C86136001685E5 /* DropDownPhoneNormal.png */ = {isa = PBXFileReference; lastKnownFileType = image.png; path = DropDownPhoneNormal.png; sourceTree = "<group>"; };
		BF2B3A9017C86336001685E5 /* mood20@2x.png */ = {isa = PBXFileReference; lastKnownFileType = image.png; path = "mood20@2x.png"; sourceTree = "<group>"; };
		BF2B3A9117C86336001685E5 /* missYouHeart@2x.png */ = {isa = PBXFileReference; lastKnownFileType = image.png; path = "missYouHeart@2x.png"; sourceTree = "<group>"; };
		BF2B3A9217C86336001685E5 /* mood40.png */ = {isa = PBXFileReference; lastKnownFileType = image.png; path = mood40.png; sourceTree = "<group>"; };
		BF2B3A9317C86336001685E5 /* missYouHeart.png */ = {isa = PBXFileReference; lastKnownFileType = image.png; path = missYouHeart.png; sourceTree = "<group>"; };
		BF2B3A9417C86336001685E5 /* mood0.png */ = {isa = PBXFileReference; lastKnownFileType = image.png; path = mood0.png; sourceTree = "<group>"; };
		BF2B3A9517C86336001685E5 /* mood80@2x.png */ = {isa = PBXFileReference; lastKnownFileType = image.png; path = "mood80@2x.png"; sourceTree = "<group>"; };
		BF2B3A9617C86336001685E5 /* mood80.png */ = {isa = PBXFileReference; lastKnownFileType = image.png; path = mood80.png; sourceTree = "<group>"; };
		BF2B3A9717C86336001685E5 /* mood20.png */ = {isa = PBXFileReference; lastKnownFileType = image.png; path = mood20.png; sourceTree = "<group>"; };
		BF2B3A9817C86336001685E5 /* mood60.png */ = {isa = PBXFileReference; lastKnownFileType = image.png; path = mood60.png; sourceTree = "<group>"; };
		BF2B3A9917C86336001685E5 /* mood100.png */ = {isa = PBXFileReference; lastKnownFileType = image.png; path = mood100.png; sourceTree = "<group>"; };
		BF2B3A9A17C86336001685E5 /* mood100@2x.png */ = {isa = PBXFileReference; lastKnownFileType = image.png; path = "mood100@2x.png"; sourceTree = "<group>"; };
		BF2B3A9B17C86336001685E5 /* mood40@2x.png */ = {isa = PBXFileReference; lastKnownFileType = image.png; path = "mood40@2x.png"; sourceTree = "<group>"; };
		BF2B3A9C17C86336001685E5 /* mood60@2x.png */ = {isa = PBXFileReference; lastKnownFileType = image.png; path = "mood60@2x.png"; sourceTree = "<group>"; };
		BF2B3A9D17C86336001685E5 /* mood0@2x.png */ = {isa = PBXFileReference; lastKnownFileType = image.png; path = "mood0@2x.png"; sourceTree = "<group>"; };
		BF2B3AAC17C86379001685E5 /* moodProgress.png */ = {isa = PBXFileReference; lastKnownFileType = image.png; path = moodProgress.png; sourceTree = "<group>"; };
		BF2B3AAD17C86379001685E5 /* moodProgressBG.png */ = {isa = PBXFileReference; lastKnownFileType = image.png; path = moodProgressBG.png; sourceTree = "<group>"; };
		BF2B3AAE17C86379001685E5 /* moodProgressBG@2x.png */ = {isa = PBXFileReference; lastKnownFileType = image.png; path = "moodProgressBG@2x.png"; sourceTree = "<group>"; };
		BF2B3AAF17C86379001685E5 /* moodProgress@2x.png */ = {isa = PBXFileReference; lastKnownFileType = image.png; path = "moodProgress@2x.png"; sourceTree = "<group>"; };
		BF2B3AB517C8650D001685E5 /* GLChildBuddyViewController.h */ = {isa = PBXFileReference; fileEncoding = 4; lastKnownFileType = sourcecode.c.h; path = GLChildBuddyViewController.h; sourceTree = "<group>"; };
		BF2B3AB617C8650D001685E5 /* GLChildBuddyViewController.m */ = {isa = PBXFileReference; fileEncoding = 4; lastKnownFileType = sourcecode.c.objc; path = GLChildBuddyViewController.m; sourceTree = "<group>"; };
		BF2B3AB817C86542001685E5 /* GLChildBuddyCell.h */ = {isa = PBXFileReference; fileEncoding = 4; lastKnownFileType = sourcecode.c.h; path = GLChildBuddyCell.h; sourceTree = "<group>"; };
		BF2B3AB917C86542001685E5 /* GLChildBuddyCell.m */ = {isa = PBXFileReference; fileEncoding = 4; lastKnownFileType = sourcecode.c.objc; path = GLChildBuddyCell.m; sourceTree = "<group>"; };
		BF2B3ABB17C8655A001685E5 /* GLChildBuddyItem.h */ = {isa = PBXFileReference; fileEncoding = 4; lastKnownFileType = sourcecode.c.h; path = GLChildBuddyItem.h; sourceTree = "<group>"; };
		BF2B3ABC17C8655B001685E5 /* GLChildBuddyItem.m */ = {isa = PBXFileReference; fileEncoding = 4; lastKnownFileType = sourcecode.c.objc; path = GLChildBuddyItem.m; sourceTree = "<group>"; };
		BF322306176B53220008C973 /* record_wave_animation.png */ = {isa = PBXFileReference; lastKnownFileType = image.png; path = record_wave_animation.png; sourceTree = "<group>"; };
		BF322307176B53220008C973 /* record_wave_animation@2x.png */ = {isa = PBXFileReference; lastKnownFileType = image.png; path = "record_wave_animation@2x.png"; sourceTree = "<group>"; };
		BF32230A176B5AE10008C973 /* GLReminderSettingViewController.h */ = {isa = PBXFileReference; fileEncoding = 4; lastKnownFileType = sourcecode.c.h; path = GLReminderSettingViewController.h; sourceTree = "<group>"; };
		BF32230B176B5AE10008C973 /* GLReminderSettingViewController.m */ = {isa = PBXFileReference; fileEncoding = 4; lastKnownFileType = sourcecode.c.objc; path = GLReminderSettingViewController.m; sourceTree = "<group>"; };
		BF32230D176B7A9F0008C973 /* GLReminderManager.h */ = {isa = PBXFileReference; fileEncoding = 4; lastKnownFileType = sourcecode.c.h; path = GLReminderManager.h; sourceTree = "<group>"; };
		BF32230E176B7A9F0008C973 /* GLReminderManager.m */ = {isa = PBXFileReference; fileEncoding = 4; lastKnownFileType = sourcecode.c.objc; path = GLReminderManager.m; sourceTree = "<group>"; };
		BF3501051768C68100E3ABD1 /* GLAudioManager.h */ = {isa = PBXFileReference; fileEncoding = 4; lastKnownFileType = sourcecode.c.h; path = GLAudioManager.h; sourceTree = "<group>"; };
		BF3501061768C89B00E3ABD1 /* GLRecordViewController.h */ = {isa = PBXFileReference; fileEncoding = 4; lastKnownFileType = sourcecode.c.h; path = GLRecordViewController.h; sourceTree = "<group>"; };
		BF3501071768C89B00E3ABD1 /* GLRecordViewController.m */ = {isa = PBXFileReference; fileEncoding = 4; lastKnownFileType = sourcecode.c.objc; path = GLRecordViewController.m; sourceTree = "<group>"; };
		BF35010A1768C95000E3ABD1 /* AVFoundation.framework */ = {isa = PBXFileReference; lastKnownFileType = wrapper.framework; name = AVFoundation.framework; path = System/Library/Frameworks/AVFoundation.framework; sourceTree = SDKROOT; };
		BF46F49D17B79F60007B9B04 /* GLReminder.h */ = {isa = PBXFileReference; fileEncoding = 4; lastKnownFileType = sourcecode.c.h; path = GLReminder.h; sourceTree = "<group>"; };
		BF46F49E17B79F60007B9B04 /* GLReminder.m */ = {isa = PBXFileReference; fileEncoding = 4; lastKnownFileType = sourcecode.c.objc; path = GLReminder.m; sourceTree = "<group>"; };
		BF46F4A017B7A5A7007B9B04 /* GLReminderItem.h */ = {isa = PBXFileReference; fileEncoding = 4; lastKnownFileType = sourcecode.c.h; path = GLReminderItem.h; sourceTree = "<group>"; };
		BF46F4A117B7A5A7007B9B04 /* GLReminderItem.m */ = {isa = PBXFileReference; fileEncoding = 4; lastKnownFileType = sourcecode.c.objc; path = GLReminderItem.m; sourceTree = "<group>"; };
		BF61629B1768C2CE006ED53F /* GLAudioManager.m */ = {isa = PBXFileReference; fileEncoding = 4; lastKnownFileType = sourcecode.c.objc; path = GLAudioManager.m; sourceTree = "<group>"; };
		BF6844F417C86F2E0003B1C5 /* GLDropDownItem.h */ = {isa = PBXFileReference; fileEncoding = 4; lastKnownFileType = sourcecode.c.h; path = GLDropDownItem.h; sourceTree = "<group>"; };
		BF6844F517C86F2E0003B1C5 /* GLDropDownItem.m */ = {isa = PBXFileReference; fileEncoding = 4; lastKnownFileType = sourcecode.c.objc; path = GLDropDownItem.m; sourceTree = "<group>"; };
		BF6844F717C86F400003B1C5 /* GLDropDownCell.h */ = {isa = PBXFileReference; fileEncoding = 4; lastKnownFileType = sourcecode.c.h; path = GLDropDownCell.h; sourceTree = "<group>"; };
		BF6844F817C86F400003B1C5 /* GLDropDownCell.m */ = {isa = PBXFileReference; fileEncoding = 4; lastKnownFileType = sourcecode.c.objc; path = GLDropDownCell.m; sourceTree = "<group>"; };
		BF7591D817F7280B00BAC451 /* CoreTelephony.framework */ = {isa = PBXFileReference; lastKnownFileType = wrapper.framework; name = CoreTelephony.framework; path = System/Library/Frameworks/CoreTelephony.framework; sourceTree = SDKROOT; };
		BF790BB717ADE9FC007E2FC1 /* GLLaunchViewController.h */ = {isa = PBXFileReference; fileEncoding = 4; lastKnownFileType = sourcecode.c.h; path = GLLaunchViewController.h; sourceTree = "<group>"; };
		BF790BB817ADE9FC007E2FC1 /* GLLaunchViewController.m */ = {isa = PBXFileReference; fileEncoding = 4; lastKnownFileType = sourcecode.c.objc; path = GLLaunchViewController.m; sourceTree = "<group>"; };
		BF790BBB17ADEA11007E2FC1 /* GLRegisterViewController.h */ = {isa = PBXFileReference; fileEncoding = 4; lastKnownFileType = sourcecode.c.h; path = GLRegisterViewController.h; sourceTree = "<group>"; };
		BF790BBC17ADEA11007E2FC1 /* GLRegisterViewController.m */ = {isa = PBXFileReference; fileEncoding = 4; lastKnownFileType = sourcecode.c.objc; path = GLRegisterViewController.m; sourceTree = "<group>"; };
		BF790BED17ADF45F007E2FC1 /* LaunchIntroImage-0@2x.png */ = {isa = PBXFileReference; lastKnownFileType = image.png; path = "LaunchIntroImage-0@2x.png"; sourceTree = "<group>"; };
		BF790BEE17ADF45F007E2FC1 /* LaunchIntroImage-3@2x.png */ = {isa = PBXFileReference; lastKnownFileType = image.png; path = "LaunchIntroImage-3@2x.png"; sourceTree = "<group>"; };
		BF790BEF17ADF45F007E2FC1 /* LaunchIntroImage-4@2x.png */ = {isa = PBXFileReference; lastKnownFileType = image.png; path = "LaunchIntroImage-4@2x.png"; sourceTree = "<group>"; };
		BF790BF017ADF45F007E2FC1 /* LaunchIntroImage-1@2x.png */ = {isa = PBXFileReference; lastKnownFileType = image.png; path = "LaunchIntroImage-1@2x.png"; sourceTree = "<group>"; };
		BF790BF117ADF45F007E2FC1 /* LaunchIntroImage-1.png */ = {isa = PBXFileReference; lastKnownFileType = image.png; path = "LaunchIntroImage-1.png"; sourceTree = "<group>"; };
		BF790BF217ADF45F007E2FC1 /* LaunchIntroImage-2@2x.png */ = {isa = PBXFileReference; lastKnownFileType = image.png; path = "LaunchIntroImage-2@2x.png"; sourceTree = "<group>"; };
		BF790BF317ADF45F007E2FC1 /* LaunchIntroImage-3.png */ = {isa = PBXFileReference; lastKnownFileType = image.png; path = "LaunchIntroImage-3.png"; sourceTree = "<group>"; };
		BF790BF417ADF45F007E2FC1 /* LaunchIntroImage-2.png */ = {isa = PBXFileReference; lastKnownFileType = image.png; path = "LaunchIntroImage-2.png"; sourceTree = "<group>"; };
		BF790BF517ADF45F007E2FC1 /* LaunchIntroImage-4.png */ = {isa = PBXFileReference; lastKnownFileType = image.png; path = "LaunchIntroImage-4.png"; sourceTree = "<group>"; };
		BF790BF617ADF45F007E2FC1 /* LaunchIntroImage-0.png */ = {isa = PBXFileReference; lastKnownFileType = image.png; path = "LaunchIntroImage-0.png"; sourceTree = "<group>"; };
		BF790C0317ADF957007E2FC1 /* LaunchWhiteButtonPressed.png */ = {isa = PBXFileReference; lastKnownFileType = image.png; path = LaunchWhiteButtonPressed.png; sourceTree = "<group>"; };
		BF790C0417ADF957007E2FC1 /* LaunchWhiteButtonNormal@2x.png */ = {isa = PBXFileReference; lastKnownFileType = image.png; path = "LaunchWhiteButtonNormal@2x.png"; sourceTree = "<group>"; };
		BF790C0617ADF957007E2FC1 /* LaunchWhiteButtonNormal.png */ = {isa = PBXFileReference; lastKnownFileType = image.png; path = LaunchWhiteButtonNormal.png; sourceTree = "<group>"; };
		BF790C0817ADF957007E2FC1 /* LaunchWhiteButtonPressed@2x.png */ = {isa = PBXFileReference; lastKnownFileType = image.png; path = "LaunchWhiteButtonPressed@2x.png"; sourceTree = "<group>"; };
		BF8679C417F67DC0004C1599 /* LaunchIntroImage4-2@2x.png */ = {isa = PBXFileReference; lastKnownFileType = image.png; path = "LaunchIntroImage4-2@2x.png"; sourceTree = "<group>"; };
		BF8679C517F67DC0004C1599 /* LaunchIntroImage4-4@2x.png */ = {isa = PBXFileReference; lastKnownFileType = image.png; path = "LaunchIntroImage4-4@2x.png"; sourceTree = "<group>"; };
		BF8679C617F67DC0004C1599 /* LaunchIntroImage4-4.png */ = {isa = PBXFileReference; lastKnownFileType = image.png; path = "LaunchIntroImage4-4.png"; sourceTree = "<group>"; };
		BF8679C717F67DC0004C1599 /* LaunchIntroImage4-1.png */ = {isa = PBXFileReference; lastKnownFileType = image.png; path = "LaunchIntroImage4-1.png"; sourceTree = "<group>"; };
		BF8679C817F67DC0004C1599 /* LaunchIntroImage4-3@2x.png */ = {isa = PBXFileReference; lastKnownFileType = image.png; path = "LaunchIntroImage4-3@2x.png"; sourceTree = "<group>"; };
		BF8679C917F67DC0004C1599 /* LaunchIntroImage4-0@2x.png */ = {isa = PBXFileReference; lastKnownFileType = image.png; path = "LaunchIntroImage4-0@2x.png"; sourceTree = "<group>"; };
		BF8679CA17F67DC0004C1599 /* LaunchIntroImage4-2.png */ = {isa = PBXFileReference; lastKnownFileType = image.png; path = "LaunchIntroImage4-2.png"; sourceTree = "<group>"; };
		BF8679CB17F67DC0004C1599 /* LaunchIntroImage4-1@2x.png */ = {isa = PBXFileReference; lastKnownFileType = image.png; path = "LaunchIntroImage4-1@2x.png"; sourceTree = "<group>"; };
		BF8679CC17F67DC0004C1599 /* LaunchIntroImage4-0.png */ = {isa = PBXFileReference; lastKnownFileType = image.png; path = "LaunchIntroImage4-0.png"; sourceTree = "<group>"; };
		BF8679CD17F67DC0004C1599 /* LaunchIntroImage4-3.png */ = {isa = PBXFileReference; lastKnownFileType = image.png; path = "LaunchIntroImage4-3.png"; sourceTree = "<group>"; };
		BF8AA85817F6CA980007F56B /* more.png */ = {isa = PBXFileReference; lastKnownFileType = image.png; path = more.png; sourceTree = "<group>"; };
		BF8AA85917F6CA980007F56B /* like.png */ = {isa = PBXFileReference; lastKnownFileType = image.png; path = like.png; sourceTree = "<group>"; };
		BF8AA85A17F6CA980007F56B /* alarm@2x.png */ = {isa = PBXFileReference; lastKnownFileType = image.png; path = "alarm@2x.png"; sourceTree = "<group>"; };
		BF8AA85B17F6CA980007F56B /* alarm.png */ = {isa = PBXFileReference; lastKnownFileType = image.png; path = alarm.png; sourceTree = "<group>"; };
		BF8AA85C17F6CA980007F56B /* like@2x.png */ = {isa = PBXFileReference; lastKnownFileType = image.png; path = "like@2x.png"; sourceTree = "<group>"; };
		BF8AA85D17F6CA980007F56B /* user@2x.png */ = {isa = PBXFileReference; lastKnownFileType = image.png; path = "user@2x.png"; sourceTree = "<group>"; };
		BF8AA85E17F6CA980007F56B /* more@2x.png */ = {isa = PBXFileReference; lastKnownFileType = image.png; path = "more@2x.png"; sourceTree = "<group>"; };
		BF8AA85F17F6CA980007F56B /* user.png */ = {isa = PBXFileReference; lastKnownFileType = image.png; path = user.png; sourceTree = "<group>"; };
		BF9360E1176B2F1700A3A928 /* record_power_indicator.png */ = {isa = PBXFileReference; lastKnownFileType = image.png; path = record_power_indicator.png; sourceTree = "<group>"; };
		BF9360E2176B2F1700A3A928 /* record_power_indicator@2x.png */ = {isa = PBXFileReference; lastKnownFileType = image.png; path = "record_power_indicator@2x.png"; sourceTree = "<group>"; };
		BF9360EE176B313A00A3A928 /* MCProgressBarView.h */ = {isa = PBXFileReference; fileEncoding = 4; lastKnownFileType = sourcecode.c.h; path = MCProgressBarView.h; sourceTree = "<group>"; };
		BF9360EF176B313A00A3A928 /* MCProgressBarView.m */ = {isa = PBXFileReference; fileEncoding = 4; lastKnownFileType = sourcecode.c.objc; path = MCProgressBarView.m; sourceTree = "<group>"; };
		BF9360F2176B316600A3A928 /* progress_bg.png */ = {isa = PBXFileReference; lastKnownFileType = image.png; path = progress_bg.png; sourceTree = "<group>"; };
		BF9360F3176B316600A3A928 /* progress_bg@2x.png */ = {isa = PBXFileReference; lastKnownFileType = image.png; path = "progress_bg@2x.png"; sourceTree = "<group>"; };
		BF9360F4176B316600A3A928 /* progress_fg.png */ = {isa = PBXFileReference; lastKnownFileType = image.png; path = progress_fg.png; sourceTree = "<group>"; };
		BF9360F5176B316600A3A928 /* progress_fg@2x.png */ = {isa = PBXFileReference; lastKnownFileType = image.png; path = "progress_fg@2x.png"; sourceTree = "<group>"; };
		BFCF7FD01768CEAA0083E30B /* AudioToolbox.framework */ = {isa = PBXFileReference; lastKnownFileType = wrapper.framework; name = AudioToolbox.framework; path = System/Library/Frameworks/AudioToolbox.framework; sourceTree = SDKROOT; };
		BFCF7FD21768DB810083E30B /* GLAudioPowerIndicatorView.h */ = {isa = PBXFileReference; fileEncoding = 4; lastKnownFileType = sourcecode.c.h; path = GLAudioPowerIndicatorView.h; sourceTree = "<group>"; };
		BFCF7FD31768DB810083E30B /* GLAudioPowerIndicatorView.m */ = {isa = PBXFileReference; fileEncoding = 4; lastKnownFileType = sourcecode.c.objc; path = GLAudioPowerIndicatorView.m; sourceTree = "<group>"; };
		BFDFA6C81764E83D006668BC /* buddy.app */ = {isa = PBXFileReference; explicitFileType = wrapper.application; includeInIndex = 0; path = buddy.app; sourceTree = BUILT_PRODUCTS_DIR; };
		BFDFA6CB1764E83D006668BC /* UIKit.framework */ = {isa = PBXFileReference; lastKnownFileType = wrapper.framework; name = UIKit.framework; path = System/Library/Frameworks/UIKit.framework; sourceTree = SDKROOT; };
		BFDFA6CD1764E83D006668BC /* Foundation.framework */ = {isa = PBXFileReference; lastKnownFileType = wrapper.framework; name = Foundation.framework; path = System/Library/Frameworks/Foundation.framework; sourceTree = SDKROOT; };
		BFDFA6CF1764E83D006668BC /* CoreGraphics.framework */ = {isa = PBXFileReference; lastKnownFileType = wrapper.framework; name = CoreGraphics.framework; path = System/Library/Frameworks/CoreGraphics.framework; sourceTree = SDKROOT; };
		BFDFA6D31764E83D006668BC /* buddy-Info.plist */ = {isa = PBXFileReference; lastKnownFileType = text.plist.xml; path = "buddy-Info.plist"; sourceTree = "<group>"; };
		BFDFA6D51764E83D006668BC /* en */ = {isa = PBXFileReference; lastKnownFileType = text.plist.strings; name = en; path = en.lproj/InfoPlist.strings; sourceTree = "<group>"; };
		BFDFA6D71764E83D006668BC /* main.m */ = {isa = PBXFileReference; lastKnownFileType = sourcecode.c.objc; path = main.m; sourceTree = "<group>"; };
		BFDFA6D91764E83D006668BC /* buddy-Prefix.pch */ = {isa = PBXFileReference; lastKnownFileType = sourcecode.c.h; path = "buddy-Prefix.pch"; sourceTree = "<group>"; };
		BFDFA6DA1764E83D006668BC /* GLAppDelegate.h */ = {isa = PBXFileReference; lastKnownFileType = sourcecode.c.h; path = GLAppDelegate.h; sourceTree = "<group>"; };
		BFDFA6DB1764E83D006668BC /* GLAppDelegate.m */ = {isa = PBXFileReference; lastKnownFileType = sourcecode.c.objc; path = GLAppDelegate.m; sourceTree = "<group>"; };
		BFDFA6DD1764E83D006668BC /* Default.png */ = {isa = PBXFileReference; lastKnownFileType = image.png; path = Default.png; sourceTree = "<group>"; };
		BFDFA6DF1764E83D006668BC /* Default@2x.png */ = {isa = PBXFileReference; lastKnownFileType = image.png; path = "Default@2x.png"; sourceTree = "<group>"; };
		BFDFA6E11764E83D006668BC /* Default-568h@2x.png */ = {isa = PBXFileReference; lastKnownFileType = image.png; path = "Default-568h@2x.png"; sourceTree = "<group>"; };
		BFDFA6E81764E887006668BC /* MainStoryboard.storyboard */ = {isa = PBXFileReference; fileEncoding = 4; lastKnownFileType = file.storyboard; path = MainStoryboard.storyboard; sourceTree = "<group>"; };
		BFDFA7111765020D006668BC /* navi_bg@2x.png */ = {isa = PBXFileReference; lastKnownFileType = image.png; path = "navi_bg@2x.png"; sourceTree = "<group>"; };
		BFDFA7121765020D006668BC /* tabbar_item1@2x.png */ = {isa = PBXFileReference; lastKnownFileType = image.png; path = "tabbar_item1@2x.png"; sourceTree = "<group>"; };
		BFDFA7131765020D006668BC /* tabbar_item2@2x.png */ = {isa = PBXFileReference; lastKnownFileType = image.png; path = "tabbar_item2@2x.png"; sourceTree = "<group>"; };
		BFDFA7141765020D006668BC /* tabbar_item3@2x.png */ = {isa = PBXFileReference; lastKnownFileType = image.png; path = "tabbar_item3@2x.png"; sourceTree = "<group>"; };
		BFDFA7151765020D006668BC /* tabbar_item4@2x.png */ = {isa = PBXFileReference; lastKnownFileType = image.png; path = "tabbar_item4@2x.png"; sourceTree = "<group>"; };
		BFDFA7161765020D006668BC /* tabbar_selected@2x.png */ = {isa = PBXFileReference; lastKnownFileType = image.png; path = "tabbar_selected@2x.png"; sourceTree = "<group>"; };
		BFDFA7171765020D006668BC /* tabbar_bg@2x.png */ = {isa = PBXFileReference; lastKnownFileType = image.png; path = "tabbar_bg@2x.png"; sourceTree = "<group>"; };
		BFDFA72017650288006668BC /* GLBuddyViewController.h */ = {isa = PBXFileReference; fileEncoding = 4; lastKnownFileType = sourcecode.c.h; path = GLBuddyViewController.h; sourceTree = "<group>"; };
		BFDFA72117650288006668BC /* GLBuddyViewController.m */ = {isa = PBXFileReference; fileEncoding = 4; lastKnownFileType = sourcecode.c.objc; path = GLBuddyViewController.m; sourceTree = "<group>"; };
		BFDFA72317650414006668BC /* GLReminderViewController.h */ = {isa = PBXFileReference; fileEncoding = 4; lastKnownFileType = sourcecode.c.h; path = GLReminderViewController.h; sourceTree = "<group>"; };
		BFDFA72417650414006668BC /* GLReminderViewController.m */ = {isa = PBXFileReference; fileEncoding = 4; lastKnownFileType = sourcecode.c.objc; path = GLReminderViewController.m; sourceTree = "<group>"; };
		BFDFA72617650428006668BC /* GLMessageViewController.h */ = {isa = PBXFileReference; fileEncoding = 4; lastKnownFileType = sourcecode.c.h; path = GLMessageViewController.h; sourceTree = "<group>"; };
		BFDFA72717650428006668BC /* GLMessageViewController.m */ = {isa = PBXFileReference; fileEncoding = 4; lastKnownFileType = sourcecode.c.objc; path = GLMessageViewController.m; sourceTree = "<group>"; };
		BFDFA72917650431006668BC /* GLMoreViewController.h */ = {isa = PBXFileReference; fileEncoding = 4; lastKnownFileType = sourcecode.c.h; path = GLMoreViewController.h; sourceTree = "<group>"; };
		BFDFA72A17650432006668BC /* GLMoreViewController.m */ = {isa = PBXFileReference; fileEncoding = 4; lastKnownFileType = sourcecode.c.objc; path = GLMoreViewController.m; sourceTree = "<group>"; };
		BFDFA73217650872006668BC /* viewcontroller_bg@2x.png */ = {isa = PBXFileReference; lastKnownFileType = image.png; path = "viewcontroller_bg@2x.png"; sourceTree = "<group>"; };
		BFDFA73617650963006668BC /* buddy_tableviewcell_bg@2x.png */ = {isa = PBXFileReference; lastKnownFileType = image.png; path = "buddy_tableviewcell_bg@2x.png"; sourceTree = "<group>"; };
		BFDFA738176509E4006668BC /* GLBuddyCell.h */ = {isa = PBXFileReference; fileEncoding = 4; lastKnownFileType = sourcecode.c.h; path = GLBuddyCell.h; sourceTree = "<group>"; };
		BFDFA739176509E4006668BC /* GLBuddyCell.m */ = {isa = PBXFileReference; fileEncoding = 4; lastKnownFileType = sourcecode.c.objc; path = GLBuddyCell.m; sourceTree = "<group>"; };
		BFDFA73D17650C47006668BC /* buddy_tableviewcell_phone@2x.png */ = {isa = PBXFileReference; lastKnownFileType = image.png; path = "buddy_tableviewcell_phone@2x.png"; sourceTree = "<group>"; };
		BFDFA73F17650CB4006668BC /* buddy_tableviewcell_default_avatar@2x.png */ = {isa = PBXFileReference; lastKnownFileType = image.png; path = "buddy_tableviewcell_default_avatar@2x.png"; sourceTree = "<group>"; };
		BFDFA74A1765B3CC006668BC /* navi_plusbutton@2x.png */ = {isa = PBXFileReference; lastKnownFileType = image.png; path = "navi_plusbutton@2x.png"; sourceTree = "<group>"; };
		BFDFA74C1765B425006668BC /* icon57x57.png */ = {isa = PBXFileReference; lastKnownFileType = image.png; path = icon57x57.png; sourceTree = "<group>"; };
		BFDFA74E1765B428006668BC /* icon114x114.png */ = {isa = PBXFileReference; lastKnownFileType = image.png; path = icon114x114.png; sourceTree = "<group>"; };
		BFDFA7501765B5AC006668BC /* navi_plusbutton_selected@2x.png */ = {isa = PBXFileReference; lastKnownFileType = image.png; path = "navi_plusbutton_selected@2x.png"; sourceTree = "<group>"; };
		BFDFA7521765BA22006668BC /* reminder_tableviewcell_bubble_reading1@2x.png */ = {isa = PBXFileReference; lastKnownFileType = image.png; path = "reminder_tableviewcell_bubble_reading1@2x.png"; sourceTree = "<group>"; };
		BFDFA7531765BA23006668BC /* reminder_tableviewcell_bubble_reading2@2x.png */ = {isa = PBXFileReference; lastKnownFileType = image.png; path = "reminder_tableviewcell_bubble_reading2@2x.png"; sourceTree = "<group>"; };
		BFDFA7541765BA23006668BC /* reminder_tableviewcell_bubble_reading3@2x.png */ = {isa = PBXFileReference; lastKnownFileType = image.png; path = "reminder_tableviewcell_bubble_reading3@2x.png"; sourceTree = "<group>"; };
		BFDFA7551765BA23006668BC /* reminder_tableviewcell_bubble_unread@2x.png */ = {isa = PBXFileReference; lastKnownFileType = image.png; path = "reminder_tableviewcell_bubble_unread@2x.png"; sourceTree = "<group>"; };
		BFDFA75A1765BA46006668BC /* GLReminderCell.h */ = {isa = PBXFileReference; fileEncoding = 4; lastKnownFileType = sourcecode.c.h; path = GLReminderCell.h; sourceTree = "<group>"; };
		BFDFA75B1765BA46006668BC /* GLReminderCell.m */ = {isa = PBXFileReference; fileEncoding = 4; lastKnownFileType = sourcecode.c.objc; path = GLReminderCell.m; sourceTree = "<group>"; };
		BFDFA75D1765C34C006668BC /* message_tableviewcell_sent@2x.png */ = {isa = PBXFileReference; lastKnownFileType = image.png; path = "message_tableviewcell_sent@2x.png"; sourceTree = "<group>"; };
		BFDFA75E1765C34C006668BC /* message_tableviewcell_unsend@2x.png */ = {isa = PBXFileReference; lastKnownFileType = image.png; path = "message_tableviewcell_unsend@2x.png"; sourceTree = "<group>"; };
		BFDFA7611765C394006668BC /* GLMessageCell.h */ = {isa = PBXFileReference; fileEncoding = 4; lastKnownFileType = sourcecode.c.h; path = GLMessageCell.h; sourceTree = "<group>"; };
		BFDFA7621765C394006668BC /* GLMessageCell.m */ = {isa = PBXFileReference; fileEncoding = 4; lastKnownFileType = sourcecode.c.objc; path = GLMessageCell.m; sourceTree = "<group>"; };
		BFDFA7641765CF67006668BC /* GLBuddyManager.h */ = {isa = PBXFileReference; fileEncoding = 4; lastKnownFileType = sourcecode.c.h; path = GLBuddyManager.h; sourceTree = "<group>"; };
		BFDFA7651765CF68006668BC /* GLBuddyManager.m */ = {isa = PBXFileReference; fileEncoding = 4; lastKnownFileType = sourcecode.c.objc; path = GLBuddyManager.m; sourceTree = "<group>"; };
		BFDFA76B1765E4C1006668BC /* MessageUI.framework */ = {isa = PBXFileReference; lastKnownFileType = wrapper.framework; name = MessageUI.framework; path = System/Library/Frameworks/MessageUI.framework; sourceTree = SDKROOT; };
		BFDFA76D1766231F006668BC /* AddressBook.framework */ = {isa = PBXFileReference; lastKnownFileType = wrapper.framework; name = AddressBook.framework; path = System/Library/Frameworks/AddressBook.framework; sourceTree = SDKROOT; };
		BFDFA76E17662320006668BC /* AddressBookUI.framework */ = {isa = PBXFileReference; lastKnownFileType = wrapper.framework; name = AddressBookUI.framework; path = System/Library/Frameworks/AddressBookUI.framework; sourceTree = SDKROOT; };
		BFDFA77117662E05006668BC /* QuartzCore.framework */ = {isa = PBXFileReference; lastKnownFileType = wrapper.framework; name = QuartzCore.framework; path = System/Library/Frameworks/QuartzCore.framework; sourceTree = SDKROOT; };
		BFFAD26E17ADFFDE008F77AA /* chooseold.png */ = {isa = PBXFileReference; lastKnownFileType = image.png; path = chooseold.png; sourceTree = "<group>"; };
		BFFAD26F17ADFFDE008F77AA /* chooseyoung.png */ = {isa = PBXFileReference; lastKnownFileType = image.png; path = chooseyoung.png; sourceTree = "<group>"; };
		BFFAD27017ADFFDE008F77AA /* chooseold@2x.png */ = {isa = PBXFileReference; lastKnownFileType = image.png; path = "chooseold@2x.png"; sourceTree = "<group>"; };
		BFFAD27117ADFFDE008F77AA /* chooseyoung@2x.png */ = {isa = PBXFileReference; lastKnownFileType = image.png; path = "chooseyoung@2x.png"; sourceTree = "<group>"; };
		BFFAD27617AE007E008F77AA /* dot1.png */ = {isa = PBXFileReference; lastKnownFileType = image.png; path = dot1.png; sourceTree = "<group>"; };
		BFFAD27717AE007E008F77AA /* dot2.png */ = {isa = PBXFileReference; lastKnownFileType = image.png; path = dot2.png; sourceTree = "<group>"; };
		BFFAD27817AE007F008F77AA /* dot3.png */ = {isa = PBXFileReference; lastKnownFileType = image.png; path = dot3.png; sourceTree = "<group>"; };
		BFFAD27917AE007F008F77AA /* dot3@2x.png */ = {isa = PBXFileReference; lastKnownFileType = image.png; path = "dot3@2x.png"; sourceTree = "<group>"; };
		BFFAD27A17AE007F008F77AA /* dot1@2x.png */ = {isa = PBXFileReference; lastKnownFileType = image.png; path = "dot1@2x.png"; sourceTree = "<group>"; };
		BFFAD27B17AE007F008F77AA /* dot2@2x.png */ = {isa = PBXFileReference; lastKnownFileType = image.png; path = "dot2@2x.png"; sourceTree = "<group>"; };
		BFFAD28817AE0137008F77AA /* GLRegisterFinishViewController.h */ = {isa = PBXFileReference; fileEncoding = 4; lastKnownFileType = sourcecode.c.h; path = GLRegisterFinishViewController.h; sourceTree = "<group>"; };
		BFFAD28917AE0137008F77AA /* GLRegisterFinishViewController.m */ = {isa = PBXFileReference; fileEncoding = 4; lastKnownFileType = sourcecode.c.objc; path = GLRegisterFinishViewController.m; sourceTree = "<group>"; };
		FD115A314A7248F692A47BF0 /* libPods.a */ = {isa = PBXFileReference; explicitFileType = archive.ar; includeInIndex = 0; path = libPods.a; sourceTree = BUILT_PRODUCTS_DIR; };
/* End PBXFileReference section */

/* Begin PBXFrameworksBuildPhase section */
		BFDFA6C51764E83D006668BC /* Frameworks */ = {
			isa = PBXFrameworksBuildPhase;
			buildActionMask = 2147483647;
			files = (
				BFDFA77217662E05006668BC /* QuartzCore.framework in Frameworks */,
				BFCF7FD11768CEAA0083E30B /* AudioToolbox.framework in Frameworks */,
				BF35010B1768C95000E3ABD1 /* AVFoundation.framework in Frameworks */,
				BFDFA76F17662320006668BC /* AddressBook.framework in Frameworks */,
				BFDFA77017662320006668BC /* AddressBookUI.framework in Frameworks */,
				BFDFA76C1765E4C1006668BC /* MessageUI.framework in Frameworks */,
				BFDFA6CC1764E83D006668BC /* UIKit.framework in Frameworks */,
				BFDFA6CE1764E83D006668BC /* Foundation.framework in Frameworks */,
				BFDFA6D01764E83D006668BC /* CoreGraphics.framework in Frameworks */,
				D5F6838613F2457881927AC2 /* libPods.a in Frameworks */,
			);
			runOnlyForDeploymentPostprocessing = 0;
		};
/* End PBXFrameworksBuildPhase section */

/* Begin PBXGroup section */
		3AA6B38E17E71A8F00F6C69E /* Audios */ = {
			isa = PBXGroup;
			children = (
				3AA6B38F17E71A8F00F6C69E /* missu_cn.aac */,
				3AA6B39017E71A8F00F6C69E /* missu_en.aac */,
				3AA6B39117E71A8F00F6C69E /* more_cn.aac */,
				3AA6B39217E71A8F00F6C69E /* more_en.aac */,
				3AA6B39317E71A8F00F6C69E /* quicktalk_cn.aac */,
				3AA6B39417E71A8F00F6C69E /* quicktalk_en.aac */,
				3AA6B39517E71A8F00F6C69E /* reminder_cn.aac */,
				3AA6B39617E71A8F00F6C69E /* reminder_en.aac */,
			);
			path = Audios;
			sourceTree = "<group>";
		};
		BF067BFA17B77D790051E8B7 /* Model */ = {
			isa = PBXGroup;
			children = (
				BF067BFB17B77D8E0051E8B7 /* GLBuddy.h */,
				BF067BFC17B77D8E0051E8B7 /* GLBuddy.m */,
				BF067C0417B78FB30051E8B7 /* KZPropertyMapper+boxValueAsString.h */,
				BF067C0517B78FB30051E8B7 /* KZPropertyMapper+boxValueAsString.m */,
				BF46F49D17B79F60007B9B04 /* GLReminder.h */,
				BF46F49E17B79F60007B9B04 /* GLReminder.m */,
			);
			name = Model;
			sourceTree = "<group>";
		};
		BF2B3AB417C864DD001685E5 /* BuddyInChild */ = {
			isa = PBXGroup;
			children = (
				BF2B3AB517C8650D001685E5 /* GLChildBuddyViewController.h */,
				BF2B3AB617C8650D001685E5 /* GLChildBuddyViewController.m */,
				BF2B3AB817C86542001685E5 /* GLChildBuddyCell.h */,
				BF2B3AB917C86542001685E5 /* GLChildBuddyCell.m */,
				BF2B3ABB17C8655A001685E5 /* GLChildBuddyItem.h */,
				BF2B3ABC17C8655B001685E5 /* GLChildBuddyItem.m */,
				BF6844F417C86F2E0003B1C5 /* GLDropDownItem.h */,
				BF6844F517C86F2E0003B1C5 /* GLDropDownItem.m */,
				BF6844F717C86F400003B1C5 /* GLDropDownCell.h */,
				BF6844F817C86F400003B1C5 /* GLDropDownCell.m */,
			);
			name = BuddyInChild;
			sourceTree = "<group>";
		};
		BF3501091768C8A200E3ABD1 /* Record */ = {
			isa = PBXGroup;
			children = (
				BF3501061768C89B00E3ABD1 /* GLRecordViewController.h */,
				BF3501071768C89B00E3ABD1 /* GLRecordViewController.m */,
				BF32230A176B5AE10008C973 /* GLReminderSettingViewController.h */,
				BF32230B176B5AE10008C973 /* GLReminderSettingViewController.m */,
				BFCF7FD21768DB810083E30B /* GLAudioPowerIndicatorView.h */,
				BFCF7FD31768DB810083E30B /* GLAudioPowerIndicatorView.m */,
			);
			name = Record;
			sourceTree = "<group>";
		};
		BF61629D1768C2DB006ED53F /* Recorder */ = {
			isa = PBXGroup;
			children = (
				BF3501051768C68100E3ABD1 /* GLAudioManager.h */,
				BF61629B1768C2CE006ED53F /* GLAudioManager.m */,
			);
			name = Recorder;
			sourceTree = "<group>";
		};
		BF790BBA17ADEA03007E2FC1 /* Launch */ = {
			isa = PBXGroup;
			children = (
				BF790BB717ADE9FC007E2FC1 /* GLLaunchViewController.h */,
				BF790BB817ADE9FC007E2FC1 /* GLLaunchViewController.m */,
				BF790BBB17ADEA11007E2FC1 /* GLRegisterViewController.h */,
				BF790BBC17ADEA11007E2FC1 /* GLRegisterViewController.m */,
				BF20BC3917AE058900EB1980 /* GLRegisterMiddleViewController.h */,
				BF20BC3A17AE058900EB1980 /* GLRegisterMiddleViewController.m */,
				BFFAD28817AE0137008F77AA /* GLRegisterFinishViewController.h */,
				BFFAD28917AE0137008F77AA /* GLRegisterFinishViewController.m */,
				BF20BC4C17AE56C900EB1980 /* GLLoginViewController.h */,
				BF20BC4D17AE56C900EB1980 /* GLLoginViewController.m */,
			);
			name = Launch;
			sourceTree = "<group>";
		};
		BF9360ED176B312000A3A928 /* Third Party */ = {
			isa = PBXGroup;
			children = (
				BF9360F1176B314100A3A928 /* ProgressBarView */,
			);
			name = "Third Party";
			path = buddy;
			sourceTree = "<group>";
		};
		BF9360F1176B314100A3A928 /* ProgressBarView */ = {
			isa = PBXGroup;
			children = (
				BF9360EE176B313A00A3A928 /* MCProgressBarView.h */,
				BF9360EF176B313A00A3A928 /* MCProgressBarView.m */,
			);
			name = ProgressBarView;
			sourceTree = "<group>";
		};
		BFDFA6BF1764E83D006668BC = {
			isa = PBXGroup;
			children = (
				BFDFA74E1765B428006668BC /* icon114x114.png */,
				BFDFA74C1765B425006668BC /* icon57x57.png */,
				BF9360ED176B312000A3A928 /* Third Party */,
				BFDFA6D11764E83D006668BC /* buddy */,
				BFDFA6CA1764E83D006668BC /* Frameworks */,
				BFDFA6C91764E83D006668BC /* Products */,
				7832FC8B3FFC4EBA962DD164 /* Pods.xcconfig */,
			);
			sourceTree = "<group>";
		};
		BFDFA6C91764E83D006668BC /* Products */ = {
			isa = PBXGroup;
			children = (
				BFDFA6C81764E83D006668BC /* buddy.app */,
			);
			name = Products;
			sourceTree = "<group>";
		};
		BFDFA6CA1764E83D006668BC /* Frameworks */ = {
			isa = PBXGroup;
			children = (
				BF7591D817F7280B00BAC451 /* CoreTelephony.framework */,
				BFCF7FD01768CEAA0083E30B /* AudioToolbox.framework */,
				BF35010A1768C95000E3ABD1 /* AVFoundation.framework */,
				BFDFA77117662E05006668BC /* QuartzCore.framework */,
				BFDFA76D1766231F006668BC /* AddressBook.framework */,
				BFDFA76E17662320006668BC /* AddressBookUI.framework */,
				BFDFA76B1765E4C1006668BC /* MessageUI.framework */,
				BFDFA6CB1764E83D006668BC /* UIKit.framework */,
				BFDFA6CD1764E83D006668BC /* Foundation.framework */,
				BFDFA6CF1764E83D006668BC /* CoreGraphics.framework */,
				FD115A314A7248F692A47BF0 /* libPods.a */,
			);
			name = Frameworks;
			sourceTree = "<group>";
		};
		BFDFA6D11764E83D006668BC /* buddy */ = {
			isa = PBXGroup;
			children = (
				BFDFA6DA1764E83D006668BC /* GLAppDelegate.h */,
				BFDFA6DB1764E83D006668BC /* GLAppDelegate.m */,
				BF61629D1768C2DB006ED53F /* Recorder */,
				BFDFA76A1765D3B6006668BC /* DataManager */,
				BFDFA72C17650603006668BC /* View Controller */,
				BFDFA6E81764E887006668BC /* MainStoryboard.storyboard */,
				BFDFA6D21764E83D006668BC /* Supporting Files */,
			);
			path = buddy;
			sourceTree = "<group>";
		};
		BFDFA6D21764E83D006668BC /* Supporting Files */ = {
			isa = PBXGroup;
			children = (
				3AA6B38E17E71A8F00F6C69E /* Audios */,
				BFDFA71F17650215006668BC /* Images */,
				BFDFA6D31764E83D006668BC /* buddy-Info.plist */,
				BFDFA6D41764E83D006668BC /* InfoPlist.strings */,
				BFDFA6D71764E83D006668BC /* main.m */,
				BFDFA6D91764E83D006668BC /* buddy-Prefix.pch */,
				BFDFA6DD1764E83D006668BC /* Default.png */,
				BFDFA6DF1764E83D006668BC /* Default@2x.png */,
				BFDFA6E11764E83D006668BC /* Default-568h@2x.png */,
			);
			name = "Supporting Files";
			sourceTree = "<group>";
		};
		BFDFA71F17650215006668BC /* Images */ = {
			isa = PBXGroup;
			children = (
				BF8AA85817F6CA980007F56B /* more.png */,
				BF8AA85917F6CA980007F56B /* like.png */,
				BF8AA85A17F6CA980007F56B /* alarm@2x.png */,
				BF8AA85B17F6CA980007F56B /* alarm.png */,
				BF8AA85C17F6CA980007F56B /* like@2x.png */,
				BF8AA85D17F6CA980007F56B /* user@2x.png */,
				BF8AA85E17F6CA980007F56B /* more@2x.png */,
				BF8AA85F17F6CA980007F56B /* user.png */,
				BF2B3AAC17C86379001685E5 /* moodProgress.png */,
				BF2B3AAD17C86379001685E5 /* moodProgressBG.png */,
				BF2B3AAE17C86379001685E5 /* moodProgressBG@2x.png */,
				BF2B3AAF17C86379001685E5 /* moodProgress@2x.png */,
				BF2B3A9017C86336001685E5 /* mood20@2x.png */,
				BF2B3A9117C86336001685E5 /* missYouHeart@2x.png */,
				BF2B3A9217C86336001685E5 /* mood40.png */,
				BF2B3A9317C86336001685E5 /* missYouHeart.png */,
				BF2B3A9417C86336001685E5 /* mood0.png */,
				BF2B3A9517C86336001685E5 /* mood80@2x.png */,
				BF2B3A9617C86336001685E5 /* mood80.png */,
				BF2B3A9717C86336001685E5 /* mood20.png */,
				BF2B3A9817C86336001685E5 /* mood60.png */,
				BF2B3A9917C86336001685E5 /* mood100.png */,
				BF2B3A9A17C86336001685E5 /* mood100@2x.png */,
				BF2B3A9B17C86336001685E5 /* mood40@2x.png */,
				BF2B3A9C17C86336001685E5 /* mood60@2x.png */,
				BF2B3A9D17C86336001685E5 /* mood0@2x.png */,
				BF2B3A7817C86136001685E5 /* DropDownMessageNormal.png */,
				BF2B3A7917C86136001685E5 /* DropDownMessageNormal@2x.png */,
				BF2B3A7A17C86136001685E5 /* DropDownPhonePressed.png */,
				BF2B3A7B17C86136001685E5 /* DropDownPhonePressed@2x.png */,
				BF2B3A7C17C86136001685E5 /* DropDownReminderPressed.png */,
				BF2B3A7D17C86136001685E5 /* DropDownMessagePressed@2x.png */,
				BF2B3A7E17C86136001685E5 /* DropDownReminderPressed@2x.png */,
				BF2B3A7F17C86136001685E5 /* DropDownPhoneNormal@2x.png */,
				BF2B3A8017C86136001685E5 /* DropDownMessagePressed.png */,
				BF2B3A8117C86136001685E5 /* DropDownReminderNormal.png */,
				BF2B3A8217C86136001685E5 /* DropDownReminderNormal@2x.png */,
				BF2B3A8317C86136001685E5 /* DropDownPhoneNormal.png */,
				BF2B3A7417C85FD4001685E5 /* dropDownBG.png */,
				BF2B3A7517C85FD4001685E5 /* dropDownBG@2x.png */,
				BF20BC4417AE568B00EB1980 /* loginButtonPressed@2x.png */,
				BF20BC4517AE568B00EB1980 /* loginButtonPressed.png */,
				BF20BC4617AE568B00EB1980 /* loginButtonNormal@2x.png */,
				BF20BC4717AE568B00EB1980 /* loginButtonNormal.png */,
				BF20BC3C17AE068D00EB1980 /* youngframe@2x.png */,
				BF20BC3D17AE068D00EB1980 /* youngframe.png */,
				BF20BC3E17AE068D00EB1980 /* oldframe@2x.png */,
				BF20BC3F17AE068D00EB1980 /* oldframe.png */,
				BFFAD27617AE007E008F77AA /* dot1.png */,
				BFFAD27717AE007E008F77AA /* dot2.png */,
				BFFAD27817AE007F008F77AA /* dot3.png */,
				BFFAD27917AE007F008F77AA /* dot3@2x.png */,
				BFFAD27A17AE007F008F77AA /* dot1@2x.png */,
				BFFAD27B17AE007F008F77AA /* dot2@2x.png */,
				BFFAD26E17ADFFDE008F77AA /* chooseold.png */,
				BFFAD26F17ADFFDE008F77AA /* chooseyoung.png */,
				BFFAD27017ADFFDE008F77AA /* chooseold@2x.png */,
				BFFAD27117ADFFDE008F77AA /* chooseyoung@2x.png */,
				BF8679C417F67DC0004C1599 /* LaunchIntroImage4-2@2x.png */,
				BF8679C517F67DC0004C1599 /* LaunchIntroImage4-4@2x.png */,
				BF8679C617F67DC0004C1599 /* LaunchIntroImage4-4.png */,
				BF8679C717F67DC0004C1599 /* LaunchIntroImage4-1.png */,
				BF8679C817F67DC0004C1599 /* LaunchIntroImage4-3@2x.png */,
				BF8679C917F67DC0004C1599 /* LaunchIntroImage4-0@2x.png */,
				BF8679CA17F67DC0004C1599 /* LaunchIntroImage4-2.png */,
				BF8679CB17F67DC0004C1599 /* LaunchIntroImage4-1@2x.png */,
				BF8679CC17F67DC0004C1599 /* LaunchIntroImage4-0.png */,
				BF8679CD17F67DC0004C1599 /* LaunchIntroImage4-3.png */,
				BF790C0317ADF957007E2FC1 /* LaunchWhiteButtonPressed.png */,
				BF790C0417ADF957007E2FC1 /* LaunchWhiteButtonNormal@2x.png */,
				BF790C0617ADF957007E2FC1 /* LaunchWhiteButtonNormal.png */,
				BF790C0817ADF957007E2FC1 /* LaunchWhiteButtonPressed@2x.png */,
				BF790BED17ADF45F007E2FC1 /* LaunchIntroImage-0@2x.png */,
				BF790BEE17ADF45F007E2FC1 /* LaunchIntroImage-3@2x.png */,
				BF790BEF17ADF45F007E2FC1 /* LaunchIntroImage-4@2x.png */,
				BF790BF017ADF45F007E2FC1 /* LaunchIntroImage-1@2x.png */,
				BF790BF117ADF45F007E2FC1 /* LaunchIntroImage-1.png */,
				BF790BF217ADF45F007E2FC1 /* LaunchIntroImage-2@2x.png */,
				BF790BF317ADF45F007E2FC1 /* LaunchIntroImage-3.png */,
				BF790BF417ADF45F007E2FC1 /* LaunchIntroImage-2.png */,
				BF790BF517ADF45F007E2FC1 /* LaunchIntroImage-4.png */,
				BF790BF617ADF45F007E2FC1 /* LaunchIntroImage-0.png */,
				BF322306176B53220008C973 /* record_wave_animation.png */,
				BF322307176B53220008C973 /* record_wave_animation@2x.png */,
				BF9360F2176B316600A3A928 /* progress_bg.png */,
				BF9360F3176B316600A3A928 /* progress_bg@2x.png */,
				BF9360F4176B316600A3A928 /* progress_fg.png */,
				BF9360F5176B316600A3A928 /* progress_fg@2x.png */,
				BF9360E1176B2F1700A3A928 /* record_power_indicator.png */,
				BF9360E2176B2F1700A3A928 /* record_power_indicator@2x.png */,
				BF035693176B257D004996DA /* record_mic_icon@2x.png */,
				BF035691176B2575004996DA /* record_mic_icon.png */,
				BFDFA75D1765C34C006668BC /* message_tableviewcell_sent@2x.png */,
				BFDFA75E1765C34C006668BC /* message_tableviewcell_unsend@2x.png */,
				BFDFA7521765BA22006668BC /* reminder_tableviewcell_bubble_reading1@2x.png */,
				BFDFA7531765BA23006668BC /* reminder_tableviewcell_bubble_reading2@2x.png */,
				BFDFA7541765BA23006668BC /* reminder_tableviewcell_bubble_reading3@2x.png */,
				BFDFA7551765BA23006668BC /* reminder_tableviewcell_bubble_unread@2x.png */,
				BFDFA73F17650CB4006668BC /* buddy_tableviewcell_default_avatar@2x.png */,
				BFDFA73D17650C47006668BC /* buddy_tableviewcell_phone@2x.png */,
				BFDFA73617650963006668BC /* buddy_tableviewcell_bg@2x.png */,
				BFDFA73217650872006668BC /* viewcontroller_bg@2x.png */,
				BFDFA74A1765B3CC006668BC /* navi_plusbutton@2x.png */,
				BFDFA7501765B5AC006668BC /* navi_plusbutton_selected@2x.png */,
				BFDFA7111765020D006668BC /* navi_bg@2x.png */,
				BFDFA7121765020D006668BC /* tabbar_item1@2x.png */,
				BFDFA7131765020D006668BC /* tabbar_item2@2x.png */,
				BFDFA7141765020D006668BC /* tabbar_item3@2x.png */,
				BFDFA7151765020D006668BC /* tabbar_item4@2x.png */,
				BFDFA7161765020D006668BC /* tabbar_selected@2x.png */,
				BFDFA7171765020D006668BC /* tabbar_bg@2x.png */,
			);
			name = Images;
			sourceTree = "<group>";
		};
		BFDFA72C17650603006668BC /* View Controller */ = {
			isa = PBXGroup;
			children = (
				BF2B3AB417C864DD001685E5 /* BuddyInChild */,
				BFDFA72D17650637006668BC /* Buddy */,
				BFDFA74117650D55006668BC /* Reminder */,
				BFDFA74217650D5F006668BC /* Message */,
				BFDFA74317650D69006668BC /* More */,
				BF790BBA17ADEA03007E2FC1 /* Launch */,
			);
			name = "View Controller";
			sourceTree = "<group>";
		};
		BFDFA72D17650637006668BC /* Buddy */ = {
			isa = PBXGroup;
			children = (
				BFDFA72017650288006668BC /* GLBuddyViewController.h */,
				BFDFA72117650288006668BC /* GLBuddyViewController.m */,
				BFDFA738176509E4006668BC /* GLBuddyCell.h */,
				BFDFA739176509E4006668BC /* GLBuddyCell.m */,
				BF067BFE17B782880051E8B7 /* GLBuddyItem.h */,
				BF067BFF17B782880051E8B7 /* GLBuddyItem.m */,
			);
			name = Buddy;
			sourceTree = "<group>";
		};
		BFDFA74117650D55006668BC /* Reminder */ = {
			isa = PBXGroup;
			children = (
				BF3501091768C8A200E3ABD1 /* Record */,
				BFDFA72317650414006668BC /* GLReminderViewController.h */,
				BFDFA72417650414006668BC /* GLReminderViewController.m */,
				BFDFA75A1765BA46006668BC /* GLReminderCell.h */,
				BFDFA75B1765BA46006668BC /* GLReminderCell.m */,
				BF46F4A017B7A5A7007B9B04 /* GLReminderItem.h */,
				BF46F4A117B7A5A7007B9B04 /* GLReminderItem.m */,
			);
			name = Reminder;
			sourceTree = "<group>";
		};
		BFDFA74217650D5F006668BC /* Message */ = {
			isa = PBXGroup;
			children = (
				BFDFA72617650428006668BC /* GLMessageViewController.h */,
				BFDFA72717650428006668BC /* GLMessageViewController.m */,
				BFDFA7611765C394006668BC /* GLMessageCell.h */,
				BFDFA7621765C394006668BC /* GLMessageCell.m */,
				BF05958817B7B8CA00C4921A /* GLMessageItem.h */,
				BF05958917B7B8CA00C4921A /* GLMessageItem.m */,
			);
			name = Message;
			sourceTree = "<group>";
		};
		BFDFA74317650D69006668BC /* More */ = {
			isa = PBXGroup;
			children = (
				BFDFA72917650431006668BC /* GLMoreViewController.h */,
				BFDFA72A17650432006668BC /* GLMoreViewController.m */,
			);
			name = More;
			sourceTree = "<group>";
		};
		BFDFA76A1765D3B6006668BC /* DataManager */ = {
			isa = PBXGroup;
			children = (
				BF067BFA17B77D790051E8B7 /* Model */,
				BFDFA7641765CF67006668BC /* GLBuddyManager.h */,
				BFDFA7651765CF68006668BC /* GLBuddyManager.m */,
				BF32230D176B7A9F0008C973 /* GLReminderManager.h */,
				BF32230E176B7A9F0008C973 /* GLReminderManager.m */,
				BF20BC4F17AE7B9900EB1980 /* GLBuddyApiClient.h */,
				BF20BC5017AE7B9900EB1980 /* GLBuddyApiClient.m */,
				BF20BC5217AE7D3A00EB1980 /* GLUserAgent.h */,
				BF20BC5317AE7D3A00EB1980 /* GLUserAgent.m */,
			);
			name = DataManager;
			sourceTree = "<group>";
		};
/* End PBXGroup section */

/* Begin PBXNativeTarget section */
		BFDFA6C71764E83D006668BC /* buddy */ = {
			isa = PBXNativeTarget;
			buildConfigurationList = BFDFA6E51764E83D006668BC /* Build configuration list for PBXNativeTarget "buddy" */;
			buildPhases = (
				C7FAF2A768EB4C6EB23B8941 /* Check Pods Manifest.lock */,
				BFDFA6C41764E83D006668BC /* Sources */,
				BFDFA6C51764E83D006668BC /* Frameworks */,
				BFDFA6C61764E83D006668BC /* Resources */,
				FA412BF464184DB1B9987804 /* Copy Pods Resources */,
			);
			buildRules = (
			);
			dependencies = (
			);
			name = buddy;
			productName = buddy;
			productReference = BFDFA6C81764E83D006668BC /* buddy.app */;
			productType = "com.apple.product-type.application";
		};
/* End PBXNativeTarget section */

/* Begin PBXProject section */
		BFDFA6C01764E83D006668BC /* Project object */ = {
			isa = PBXProject;
			attributes = {
				CLASSPREFIX = GL;
				LastUpgradeCheck = 0460;
				ORGANIZATIONNAME = GraceLancy;
			};
			buildConfigurationList = BFDFA6C31764E83D006668BC /* Build configuration list for PBXProject "buddy" */;
			compatibilityVersion = "Xcode 3.2";
			developmentRegion = English;
			hasScannedForEncodings = 0;
			knownRegions = (
				en,
			);
			mainGroup = BFDFA6BF1764E83D006668BC;
			productRefGroup = BFDFA6C91764E83D006668BC /* Products */;
			projectDirPath = "";
			projectRoot = "";
			targets = (
				BFDFA6C71764E83D006668BC /* buddy */,
			);
		};
/* End PBXProject section */

/* Begin PBXResourcesBuildPhase section */
		BFDFA6C61764E83D006668BC /* Resources */ = {
			isa = PBXResourcesBuildPhase;
			buildActionMask = 2147483647;
			files = (
				BF8AA86217F6CA980007F56B /* alarm@2x.png in Resources */,
				BFDFA6D61764E83D006668BC /* InfoPlist.strings in Resources */,
				BFDFA6DE1764E83D006668BC /* Default.png in Resources */,
				BFDFA6E01764E83D006668BC /* Default@2x.png in Resources */,
				BFDFA6E21764E83D006668BC /* Default-568h@2x.png in Resources */,
				BFDFA6E91764E887006668BC /* MainStoryboard.storyboard in Resources */,
				BFDFA7181765020D006668BC /* navi_bg@2x.png in Resources */,
				BFDFA7191765020D006668BC /* tabbar_item1@2x.png in Resources */,
				BFDFA71A1765020D006668BC /* tabbar_item2@2x.png in Resources */,
				BF8AA86617F6CA980007F56B /* more@2x.png in Resources */,
				BFDFA71B1765020D006668BC /* tabbar_item3@2x.png in Resources */,
				BF8679D617F67DC0004C1599 /* LaunchIntroImage4-0.png in Resources */,
				BF8AA86317F6CA980007F56B /* alarm.png in Resources */,
				BFDFA71C1765020D006668BC /* tabbar_item4@2x.png in Resources */,
				BFDFA71D1765020D006668BC /* tabbar_selected@2x.png in Resources */,
				BF8679D517F67DC0004C1599 /* LaunchIntroImage4-1@2x.png in Resources */,
				BFDFA71E1765020D006668BC /* tabbar_bg@2x.png in Resources */,
				BFDFA73317650872006668BC /* viewcontroller_bg@2x.png in Resources */,
				BFDFA73717650963006668BC /* buddy_tableviewcell_bg@2x.png in Resources */,
				BFDFA73E17650C47006668BC /* buddy_tableviewcell_phone@2x.png in Resources */,
				BFDFA74017650CB4006668BC /* buddy_tableviewcell_default_avatar@2x.png in Resources */,
				BFDFA74B1765B3CC006668BC /* navi_plusbutton@2x.png in Resources */,
				BFDFA74D1765B425006668BC /* icon57x57.png in Resources */,
				BFDFA74F1765B428006668BC /* icon114x114.png in Resources */,
				BFDFA7511765B5AC006668BC /* navi_plusbutton_selected@2x.png in Resources */,
				BFDFA7561765BA23006668BC /* reminder_tableviewcell_bubble_reading1@2x.png in Resources */,
				BFDFA7571765BA23006668BC /* reminder_tableviewcell_bubble_reading2@2x.png in Resources */,
				BFDFA7581765BA23006668BC /* reminder_tableviewcell_bubble_reading3@2x.png in Resources */,
				BFDFA7591765BA23006668BC /* reminder_tableviewcell_bubble_unread@2x.png in Resources */,
				BFDFA75F1765C34D006668BC /* message_tableviewcell_sent@2x.png in Resources */,
				BFDFA7601765C34D006668BC /* message_tableviewcell_unsend@2x.png in Resources */,
				BF035692176B2575004996DA /* record_mic_icon.png in Resources */,
				BF8AA86517F6CA980007F56B /* user@2x.png in Resources */,
				BF035694176B257D004996DA /* record_mic_icon@2x.png in Resources */,
				BF9360E3176B2F1700A3A928 /* record_power_indicator.png in Resources */,
				BF9360E4176B2F1700A3A928 /* record_power_indicator@2x.png in Resources */,
				BF9360F6176B316700A3A928 /* progress_bg.png in Resources */,
				BF9360F7176B316700A3A928 /* progress_bg@2x.png in Resources */,
				BF9360F8176B316700A3A928 /* progress_fg.png in Resources */,
				BF9360F9176B316700A3A928 /* progress_fg@2x.png in Resources */,
				BF322308176B53220008C973 /* record_wave_animation.png in Resources */,
				BF8679D417F67DC0004C1599 /* LaunchIntroImage4-2.png in Resources */,
				BF322309176B53220008C973 /* record_wave_animation@2x.png in Resources */,
				BF790BF717ADF45F007E2FC1 /* LaunchIntroImage-0@2x.png in Resources */,
				BF790BF817ADF45F007E2FC1 /* LaunchIntroImage-3@2x.png in Resources */,
				BF790BF917ADF45F007E2FC1 /* LaunchIntroImage-4@2x.png in Resources */,
				BF790BFA17ADF45F007E2FC1 /* LaunchIntroImage-1@2x.png in Resources */,
				BF790BFB17ADF45F007E2FC1 /* LaunchIntroImage-1.png in Resources */,
				BF790BFC17ADF45F007E2FC1 /* LaunchIntroImage-2@2x.png in Resources */,
				BF790BFD17ADF45F007E2FC1 /* LaunchIntroImage-3.png in Resources */,
				BF790BFE17ADF45F007E2FC1 /* LaunchIntroImage-2.png in Resources */,
				BF8679D217F67DC0004C1599 /* LaunchIntroImage4-3@2x.png in Resources */,
				BF790BFF17ADF45F007E2FC1 /* LaunchIntroImage-4.png in Resources */,
				BF790C0017ADF45F007E2FC1 /* LaunchIntroImage-0.png in Resources */,
				BF790C0B17ADF957007E2FC1 /* LaunchWhiteButtonPressed.png in Resources */,
				BF790C0C17ADF957007E2FC1 /* LaunchWhiteButtonNormal@2x.png in Resources */,
				BF790C0E17ADF957007E2FC1 /* LaunchWhiteButtonNormal.png in Resources */,
				BF790C1017ADF957007E2FC1 /* LaunchWhiteButtonPressed@2x.png in Resources */,
				BFFAD27217ADFFDE008F77AA /* chooseold.png in Resources */,
				BFFAD27317ADFFDE008F77AA /* chooseyoung.png in Resources */,
				BF8AA86117F6CA980007F56B /* like.png in Resources */,
				BFFAD27417ADFFDE008F77AA /* chooseold@2x.png in Resources */,
				BFFAD27517ADFFDE008F77AA /* chooseyoung@2x.png in Resources */,
				BFFAD27C17AE007F008F77AA /* dot1.png in Resources */,
				BFFAD27D17AE007F008F77AA /* dot2.png in Resources */,
				BFFAD27E17AE007F008F77AA /* dot3.png in Resources */,
				BF8AA86017F6CA980007F56B /* more.png in Resources */,
				BFFAD27F17AE007F008F77AA /* dot3@2x.png in Resources */,
				BFFAD28017AE007F008F77AA /* dot1@2x.png in Resources */,
				BFFAD28117AE007F008F77AA /* dot2@2x.png in Resources */,
				BF20BC4017AE068D00EB1980 /* youngframe@2x.png in Resources */,
				BF20BC4117AE068D00EB1980 /* youngframe.png in Resources */,
				BF20BC4217AE068D00EB1980 /* oldframe@2x.png in Resources */,
				BF20BC4317AE068D00EB1980 /* oldframe.png in Resources */,
				BF8AA86717F6CA980007F56B /* user.png in Resources */,
				BF20BC4817AE568B00EB1980 /* loginButtonPressed@2x.png in Resources */,
				BF20BC4917AE568B00EB1980 /* loginButtonPressed.png in Resources */,
				BF20BC4A17AE568B00EB1980 /* loginButtonNormal@2x.png in Resources */,
				BF20BC4B17AE568B00EB1980 /* loginButtonNormal.png in Resources */,
				BF2B3A7617C85FD4001685E5 /* dropDownBG.png in Resources */,
				BF2B3A7717C85FD4001685E5 /* dropDownBG@2x.png in Resources */,
				BF8679D117F67DC0004C1599 /* LaunchIntroImage4-1.png in Resources */,
				BF2B3A8417C86136001685E5 /* DropDownMessageNormal.png in Resources */,
				BF2B3A8517C86136001685E5 /* DropDownMessageNormal@2x.png in Resources */,
				BF2B3A8617C86136001685E5 /* DropDownPhonePressed.png in Resources */,
				BF2B3A8717C86136001685E5 /* DropDownPhonePressed@2x.png in Resources */,
				BF2B3A8817C86136001685E5 /* DropDownReminderPressed.png in Resources */,
				BF2B3A8917C86136001685E5 /* DropDownMessagePressed@2x.png in Resources */,
				BF2B3A8A17C86136001685E5 /* DropDownReminderPressed@2x.png in Resources */,
				BF2B3A8B17C86136001685E5 /* DropDownPhoneNormal@2x.png in Resources */,
				BF2B3A8C17C86136001685E5 /* DropDownMessagePressed.png in Resources */,
				BF2B3A8D17C86136001685E5 /* DropDownReminderNormal.png in Resources */,
				BF8679CF17F67DC0004C1599 /* LaunchIntroImage4-4@2x.png in Resources */,
				BF8679D017F67DC0004C1599 /* LaunchIntroImage4-4.png in Resources */,
				BF2B3A8E17C86136001685E5 /* DropDownReminderNormal@2x.png in Resources */,
				BF2B3A8F17C86136001685E5 /* DropDownPhoneNormal.png in Resources */,
				BF2B3A9E17C86336001685E5 /* mood20@2x.png in Resources */,
				BF2B3A9F17C86336001685E5 /* missYouHeart@2x.png in Resources */,
				BF2B3AA017C86336001685E5 /* mood40.png in Resources */,
				BF2B3AA117C86336001685E5 /* missYouHeart.png in Resources */,
				BF2B3AA217C86336001685E5 /* mood0.png in Resources */,
				BF2B3AA317C86336001685E5 /* mood80@2x.png in Resources */,
				BF2B3AA417C86336001685E5 /* mood80.png in Resources */,
				BF2B3AA517C86336001685E5 /* mood20.png in Resources */,
				BF8679CE17F67DC0004C1599 /* LaunchIntroImage4-2@2x.png in Resources */,
				BF2B3AA617C86336001685E5 /* mood60.png in Resources */,
				BF2B3AA717C86336001685E5 /* mood100.png in Resources */,
				BF2B3AA817C86336001685E5 /* mood100@2x.png in Resources */,
				BF2B3AA917C86336001685E5 /* mood40@2x.png in Resources */,
				BF2B3AAA17C86336001685E5 /* mood60@2x.png in Resources */,
				BF2B3AAB17C86336001685E5 /* mood0@2x.png in Resources */,
				BF8AA86417F6CA980007F56B /* like@2x.png in Resources */,
				BF2B3AB017C86379001685E5 /* moodProgress.png in Resources */,
				BF2B3AB117C86379001685E5 /* moodProgressBG.png in Resources */,
				BF2B3AB217C86379001685E5 /* moodProgressBG@2x.png in Resources */,
				BF2B3AB317C86379001685E5 /* moodProgress@2x.png in Resources */,
				3AA6B39717E71A8F00F6C69E /* missu_cn.aac in Resources */,
				3AA6B39817E71A8F00F6C69E /* missu_en.aac in Resources */,
				3AA6B39917E71A8F00F6C69E /* more_cn.aac in Resources */,
				3AA6B39A17E71A8F00F6C69E /* more_en.aac in Resources */,
				BF8679D717F67DC0004C1599 /* LaunchIntroImage4-3.png in Resources */,
				3AA6B39B17E71A8F00F6C69E /* quicktalk_cn.aac in Resources */,
				BF8679D317F67DC0004C1599 /* LaunchIntroImage4-0@2x.png in Resources */,
				3AA6B39C17E71A8F00F6C69E /* quicktalk_en.aac in Resources */,
				3AA6B39D17E71A8F00F6C69E /* reminder_cn.aac in Resources */,
				3AA6B39E17E71A8F00F6C69E /* reminder_en.aac in Resources */,
			);
			runOnlyForDeploymentPostprocessing = 0;
		};
/* End PBXResourcesBuildPhase section */

/* Begin PBXShellScriptBuildPhase section */
		C7FAF2A768EB4C6EB23B8941 /* Check Pods Manifest.lock */ = {
			isa = PBXShellScriptBuildPhase;
			buildActionMask = 2147483647;
			files = (
			);
			inputPaths = (
			);
			name = "Check Pods Manifest.lock";
			outputPaths = (
			);
			runOnlyForDeploymentPostprocessing = 0;
			shellPath = /bin/sh;
			shellScript = "diff \"${PODS_ROOT}/../Podfile.lock\" \"${PODS_ROOT}/Manifest.lock\" > /dev/null\nif [[ $? != 0 ]] ; then\n    cat << EOM\nerror: The sandbox is not in sync with the Podfile.lock. Run 'pod install' or update your CocoaPods installation.\nEOM\n    exit 1\nfi\n";
		};
		FA412BF464184DB1B9987804 /* Copy Pods Resources */ = {
			isa = PBXShellScriptBuildPhase;
			buildActionMask = 2147483647;
			files = (
			);
			inputPaths = (
			);
			name = "Copy Pods Resources";
			outputPaths = (
			);
			runOnlyForDeploymentPostprocessing = 0;
			shellPath = /bin/sh;
			shellScript = "\"${SRCROOT}/Pods/Pods-resources.sh\"\n";
		};
/* End PBXShellScriptBuildPhase section */

/* Begin PBXSourcesBuildPhase section */
		BFDFA6C41764E83D006668BC /* Sources */ = {
			isa = PBXSourcesBuildPhase;
			buildActionMask = 2147483647;
			files = (
				BFDFA6D81764E83D006668BC /* main.m in Sources */,
				BFDFA6DC1764E83D006668BC /* GLAppDelegate.m in Sources */,
				BFDFA72217650288006668BC /* GLBuddyViewController.m in Sources */,
				BFDFA72517650414006668BC /* GLReminderViewController.m in Sources */,
				BFDFA72817650428006668BC /* GLMessageViewController.m in Sources */,
				BFDFA72B17650432006668BC /* GLMoreViewController.m in Sources */,
				BFDFA73A176509E4006668BC /* GLBuddyCell.m in Sources */,
				BFDFA75C1765BA46006668BC /* GLReminderCell.m in Sources */,
				BFDFA7631765C394006668BC /* GLMessageCell.m in Sources */,
				BFDFA7661765CF69006668BC /* GLBuddyManager.m in Sources */,
				BF61629C1768C2CE006ED53F /* GLAudioManager.m in Sources */,
				BF3501081768C89B00E3ABD1 /* GLRecordViewController.m in Sources */,
				BFCF7FD41768DB810083E30B /* GLAudioPowerIndicatorView.m in Sources */,
				BF9360F0176B313A00A3A928 /* MCProgressBarView.m in Sources */,
				BF32230C176B5AE10008C973 /* GLReminderSettingViewController.m in Sources */,
				BF32230F176B7A9F0008C973 /* GLReminderManager.m in Sources */,
				BF790BB917ADE9FC007E2FC1 /* GLLaunchViewController.m in Sources */,
				BF790BBD17ADEA11007E2FC1 /* GLRegisterViewController.m in Sources */,
				BFFAD28A17AE0137008F77AA /* GLRegisterFinishViewController.m in Sources */,
				BF20BC3B17AE058900EB1980 /* GLRegisterMiddleViewController.m in Sources */,
				BF20BC4E17AE56C900EB1980 /* GLLoginViewController.m in Sources */,
				BF20BC5117AE7B9900EB1980 /* GLBuddyApiClient.m in Sources */,
				BF20BC5417AE7D3A00EB1980 /* GLUserAgent.m in Sources */,
				BF067BFD17B77D8E0051E8B7 /* GLBuddy.m in Sources */,
				BF067C0017B782880051E8B7 /* GLBuddyItem.m in Sources */,
				BF067C0617B78FB40051E8B7 /* KZPropertyMapper+boxValueAsString.m in Sources */,
				BF46F49F17B79F60007B9B04 /* GLReminder.m in Sources */,
				BF46F4A217B7A5A7007B9B04 /* GLReminderItem.m in Sources */,
				BF05958A17B7B8CA00C4921A /* GLMessageItem.m in Sources */,
				BF2B3AB717C8650D001685E5 /* GLChildBuddyViewController.m in Sources */,
				BF2B3ABA17C86542001685E5 /* GLChildBuddyCell.m in Sources */,
				BF2B3ABD17C8655B001685E5 /* GLChildBuddyItem.m in Sources */,
				BF6844F617C86F2E0003B1C5 /* GLDropDownItem.m in Sources */,
				BF6844F917C86F400003B1C5 /* GLDropDownCell.m in Sources */,
			);
			runOnlyForDeploymentPostprocessing = 0;
		};
/* End PBXSourcesBuildPhase section */

/* Begin PBXVariantGroup section */
		BFDFA6D41764E83D006668BC /* InfoPlist.strings */ = {
			isa = PBXVariantGroup;
			children = (
				BFDFA6D51764E83D006668BC /* en */,
			);
			name = InfoPlist.strings;
			sourceTree = "<group>";
		};
/* End PBXVariantGroup section */

/* Begin XCBuildConfiguration section */
		BFDFA6E31764E83D006668BC /* Debug */ = {
			isa = XCBuildConfiguration;
			buildSettings = {
				ALWAYS_SEARCH_USER_PATHS = NO;
				CLANG_CXX_LANGUAGE_STANDARD = "gnu++0x";
				CLANG_CXX_LIBRARY = "libc++";
				CLANG_ENABLE_OBJC_ARC = YES;
				CLANG_WARN_CONSTANT_CONVERSION = YES;
				CLANG_WARN_EMPTY_BODY = YES;
				CLANG_WARN_ENUM_CONVERSION = YES;
				CLANG_WARN_INT_CONVERSION = YES;
				CLANG_WARN__DUPLICATE_METHOD_MATCH = YES;
				"CODE_SIGN_IDENTITY[sdk=iphoneos*]" = "iPhone Developer";
				COPY_PHASE_STRIP = NO;
				GCC_C_LANGUAGE_STANDARD = gnu99;
				GCC_DYNAMIC_NO_PIC = NO;
				GCC_OPTIMIZATION_LEVEL = 0;
				GCC_PREPROCESSOR_DEFINITIONS = (
					"DEBUG=1",
					"$(inherited)",
				);
				GCC_SYMBOLS_PRIVATE_EXTERN = NO;
				GCC_WARN_ABOUT_RETURN_TYPE = YES;
				GCC_WARN_UNINITIALIZED_AUTOS = YES;
				GCC_WARN_UNUSED_VARIABLE = YES;
				IPHONEOS_DEPLOYMENT_TARGET = 6.0;
				ONLY_ACTIVE_ARCH = YES;
				SDKROOT = iphoneos;
			};
			name = Debug;
		};
		BFDFA6E41764E83D006668BC /* Release */ = {
			isa = XCBuildConfiguration;
			buildSettings = {
				ALWAYS_SEARCH_USER_PATHS = NO;
				CLANG_CXX_LANGUAGE_STANDARD = "gnu++0x";
				CLANG_CXX_LIBRARY = "libc++";
				CLANG_ENABLE_OBJC_ARC = YES;
				CLANG_WARN_CONSTANT_CONVERSION = YES;
				CLANG_WARN_EMPTY_BODY = YES;
				CLANG_WARN_ENUM_CONVERSION = YES;
				CLANG_WARN_INT_CONVERSION = YES;
				CLANG_WARN__DUPLICATE_METHOD_MATCH = YES;
				"CODE_SIGN_IDENTITY[sdk=iphoneos*]" = "iPhone Developer";
				COPY_PHASE_STRIP = YES;
				GCC_C_LANGUAGE_STANDARD = gnu99;
				GCC_WARN_ABOUT_RETURN_TYPE = YES;
				GCC_WARN_UNINITIALIZED_AUTOS = YES;
				GCC_WARN_UNUSED_VARIABLE = YES;
				IPHONEOS_DEPLOYMENT_TARGET = 6.0;
				OTHER_CFLAGS = "-DNS_BLOCK_ASSERTIONS=1";
				SDKROOT = iphoneos;
				VALIDATE_PRODUCT = YES;
			};
			name = Release;
		};
		BFDFA6E61764E83D006668BC /* Debug */ = {
			isa = XCBuildConfiguration;
			baseConfigurationReference = 7832FC8B3FFC4EBA962DD164 /* Pods.xcconfig */;
			buildSettings = {
				GCC_PRECOMPILE_PREFIX_HEADER = YES;
				GCC_PREFIX_HEADER = "buddy/buddy-Prefix.pch";
				INFOPLIST_FILE = "buddy/buddy-Info.plist";
				IPHONEOS_DEPLOYMENT_TARGET = 6.0;
				PRODUCT_NAME = "$(TARGET_NAME)";
				SDKROOT = iphoneos;
				WRAPPER_EXTENSION = app;
			};
			name = Debug;
		};
		BFDFA6E71764E83D006668BC /* Release */ = {
			isa = XCBuildConfiguration;
			baseConfigurationReference = 7832FC8B3FFC4EBA962DD164 /* Pods.xcconfig */;
			buildSettings = {
				GCC_PRECOMPILE_PREFIX_HEADER = YES;
				GCC_PREFIX_HEADER = "buddy/buddy-Prefix.pch";
				INFOPLIST_FILE = "buddy/buddy-Info.plist";
				IPHONEOS_DEPLOYMENT_TARGET = 6.0;
				PRODUCT_NAME = "$(TARGET_NAME)";
				SDKROOT = iphoneos;
				WRAPPER_EXTENSION = app;
			};
			name = Release;
		};
/* End XCBuildConfiguration section */

/* Begin XCConfigurationList section */
		BFDFA6C31764E83D006668BC /* Build configuration list for PBXProject "buddy" */ = {
			isa = XCConfigurationList;
			buildConfigurations = (
				BFDFA6E31764E83D006668BC /* Debug */,
				BFDFA6E41764E83D006668BC /* Release */,
			);
			defaultConfigurationIsVisible = 0;
			defaultConfigurationName = Release;
		};
		BFDFA6E51764E83D006668BC /* Build configuration list for PBXNativeTarget "buddy" */ = {
			isa = XCConfigurationList;
			buildConfigurations = (
				BFDFA6E61764E83D006668BC /* Debug */,
				BFDFA6E71764E83D006668BC /* Release */,
			);
			defaultConfigurationIsVisible = 0;
			defaultConfigurationName = Release;
		};
/* End XCConfigurationList section */
	};
	rootObject = BFDFA6C01764E83D006668BC /* Project object */;
}
